// !$*UTF8*$!
{
	archiveVersion = 1;
	classes = {
	};
	objectVersion = 46;
	objects = {

/* Begin PBXBuildFile section */
		00C302E51ABCBA2D00DB3ED1 /* libRCTActionSheet.a in Frameworks */ = {isa = PBXBuildFile; fileRef = 00C302AC1ABCB8CE00DB3ED1 /* libRCTActionSheet.a */; };
		00C302E71ABCBA2D00DB3ED1 /* libRCTGeolocation.a in Frameworks */ = {isa = PBXBuildFile; fileRef = 00C302BA1ABCB90400DB3ED1 /* libRCTGeolocation.a */; };
		00C302E81ABCBA2D00DB3ED1 /* libRCTImage.a in Frameworks */ = {isa = PBXBuildFile; fileRef = 00C302C01ABCB91800DB3ED1 /* libRCTImage.a */; };
		00C302E91ABCBA2D00DB3ED1 /* libRCTNetwork.a in Frameworks */ = {isa = PBXBuildFile; fileRef = 00C302DC1ABCB9D200DB3ED1 /* libRCTNetwork.a */; };
		00C302EA1ABCBA2D00DB3ED1 /* libRCTVibration.a in Frameworks */ = {isa = PBXBuildFile; fileRef = 00C302E41ABCB9EE00DB3ED1 /* libRCTVibration.a */; };
		00DDB62BB6494F17BDC7660A /* libRNSpinkit.a in Frameworks */ = {isa = PBXBuildFile; fileRef = EB89868C48434722AD864DDD /* libRNSpinkit.a */; };
		00E356F31AD99517003FC87E /* CoreEventTests.m in Sources */ = {isa = PBXBuildFile; fileRef = 00E356F21AD99517003FC87E /* CoreEventTests.m */; };
		133E29F31AD74F7200F7D852 /* libRCTLinking.a in Frameworks */ = {isa = PBXBuildFile; fileRef = 78C398B91ACF4ADC00677621 /* libRCTLinking.a */; };
		139105C61AF99C1200B5F7CC /* libRCTSettings.a in Frameworks */ = {isa = PBXBuildFile; fileRef = 139105C11AF99BAD00B5F7CC /* libRCTSettings.a */; };
		139FDEF61B0652A700C62182 /* libRCTWebSocket.a in Frameworks */ = {isa = PBXBuildFile; fileRef = 139FDEF41B06529B00C62182 /* libRCTWebSocket.a */; };
		13B07FBC1A68108700A75B9A /* AppDelegate.m in Sources */ = {isa = PBXBuildFile; fileRef = 13B07FB01A68108700A75B9A /* AppDelegate.m */; };
		13B07FBD1A68108700A75B9A /* LaunchScreen.xib in Resources */ = {isa = PBXBuildFile; fileRef = 13B07FB11A68108700A75B9A /* LaunchScreen.xib */; };
		13B07FBF1A68108700A75B9A /* Images.xcassets in Resources */ = {isa = PBXBuildFile; fileRef = 13B07FB51A68108700A75B9A /* Images.xcassets */; };
		13B07FC11A68108700A75B9A /* main.m in Sources */ = {isa = PBXBuildFile; fileRef = 13B07FB71A68108700A75B9A /* main.m */; };
		140ED2AC1D01E1AD002B40FF /* libReact.a in Frameworks */ = {isa = PBXBuildFile; fileRef = 146834041AC3E56700842450 /* libReact.a */; };
		146834051AC3E58100842450 /* libReact.a in Frameworks */ = {isa = PBXBuildFile; fileRef = 146834041AC3E56700842450 /* libReact.a */; };
		1B00503A74E34A00ACFF841C /* libRNI18n.a in Frameworks */ = {isa = PBXBuildFile; fileRef = 84836F7868574475AAD53899 /* libRNI18n.a */; };
		1B8670F84F17434B9E21F2F9 /* libRCTCamera.a in Frameworks */ = {isa = PBXBuildFile; fileRef = 46917351ADFB4D53982CA259 /* libRCTCamera.a */; };
		2B4A8194485E4AFD9CEB6C26 /* MaterialIcons.ttf in Resources */ = {isa = PBXBuildFile; fileRef = 59CFC9E88E8C450DBDD41ACF /* MaterialIcons.ttf */; };
		35DF67F236624B70B1A7D2F7 /* libRNImagePicker.a in Frameworks */ = {isa = PBXBuildFile; fileRef = 9290AE0E230D40FA8B7FF16F /* libRNImagePicker.a */; };
		4EF51B2A16F2449187CE165F /* libRNVectorIcons.a in Frameworks */ = {isa = PBXBuildFile; fileRef = F54497C2A677439FA4A24080 /* libRNVectorIcons.a */; };
		59733EE5AEEF463591B1FD5C /* libRNDeviceInfo.a in Frameworks */ = {isa = PBXBuildFile; fileRef = BB024DE3ABD64A1A94F7F501 /* libRNDeviceInfo.a */; };
		626564533D154AFF8FAC1373 /* libimageCropPicker.a in Frameworks */ = {isa = PBXBuildFile; fileRef = E7136B20503347C68D0CDCE8 /* libimageCropPicker.a */; };
		69A8CB9345894C9DA2CC0B61 /* Octicons.ttf in Resources */ = {isa = PBXBuildFile; fileRef = F58F8EA8E0C547F3B20E184E /* Octicons.ttf */; };
		81584C90EE1D4E0280E29BD8 /* Zocial.ttf in Resources */ = {isa = PBXBuildFile; fileRef = 844CC8DD537E4681868EA9E0 /* Zocial.ttf */; };
		832341BD1AAA6AB300B99B32 /* libRCTText.a in Frameworks */ = {isa = PBXBuildFile; fileRef = 832341B51AAA6A8300B99B32 /* libRCTText.a */; };
		9B12FD2FBFC644A5B951984A /* libRNLocation.a in Frameworks */ = {isa = PBXBuildFile; fileRef = BF78D38837854E22A672810F /* libRNLocation.a */; };
		9F8340874E14445EB83C4520 /* libRCTGoogleAnalyticsBridge.a in Frameworks */ = {isa = PBXBuildFile; fileRef = 679781D84C5E4589BF588F5A /* libRCTGoogleAnalyticsBridge.a */; };
		A0B870630A2A4BAD944F47AE /* libRCTVideo.a in Frameworks */ = {isa = PBXBuildFile; fileRef = 0E27A4CDB37B4F58A5395069 /* libRCTVideo.a */; };
		A587758A2D6E4062A37A2728 /* Entypo.ttf in Resources */ = {isa = PBXBuildFile; fileRef = 9051100C2A764AA5B4B2F4D6 /* Entypo.ttf */; };
		AD4124740D574DE5A08CC1A9 /* Ionicons.ttf in Resources */ = {isa = PBXBuildFile; fileRef = AEDA200F5A8C4AF593948399 /* Ionicons.ttf */; };
		B40A63A28B124680B0CB0B5D /* Foundation.ttf in Resources */ = {isa = PBXBuildFile; fileRef = 45B89379D6C34B508D81AE0C /* Foundation.ttf */; };
		BA0E2ED07A8C4CCCA81E9195 /* FontAwesome.ttf in Resources */ = {isa = PBXBuildFile; fileRef = 5A3A3F9E8EB5436C90A8BD2D /* FontAwesome.ttf */; };
		D79ED637C7D94847837BDC91 /* EvilIcons.ttf in Resources */ = {isa = PBXBuildFile; fileRef = 1C0AE7C24C6C4845B9C86551 /* EvilIcons.ttf */; };
		E7BB4736599342BD958C6168 /* libBVLinearGradient.a in Frameworks */ = {isa = PBXBuildFile; fileRef = F9250F62E12A4608A3B82587 /* libBVLinearGradient.a */; };
		E8FC0A8C58D04CC4B95B18A1 /* libRNGeocoder.a in Frameworks */ = {isa = PBXBuildFile; fileRef = 8068FB01A779470681D733E2 /* libRNGeocoder.a */; };
		EC35401A1DB94B89000DC2EF /* CoreData.framework in Frameworks */ = {isa = PBXBuildFile; fileRef = EC3540191DB94B89000DC2EF /* CoreData.framework */; };
		EC35401C1DB94B92000DC2EF /* SystemConfiguration.framework in Frameworks */ = {isa = PBXBuildFile; fileRef = EC35401B1DB94B92000DC2EF /* SystemConfiguration.framework */; };
		EC35401E1DB94B9D000DC2EF /* libz.tbd in Frameworks */ = {isa = PBXBuildFile; fileRef = EC35401D1DB94B9D000DC2EF /* libz.tbd */; };
		EC3540201DB94BA6000DC2EF /* libsqlite3.0.tbd in Frameworks */ = {isa = PBXBuildFile; fileRef = EC35401F1DB94BA6000DC2EF /* libsqlite3.0.tbd */; };
		EC486AFC1DB9EE7500FC177A /* libART.a in Frameworks */ = {isa = PBXBuildFile; fileRef = EC486AED1DB9EE6B00FC177A /* libART.a */; };
		EC7262C41DC5BDC500D826D6 /* libRCTPushNotification.a in Frameworks */ = {isa = PBXBuildFile; fileRef = EC7262C31DC5BDB400D826D6 /* libRCTPushNotification.a */; };
		EC7263711DC6AF2500D826D6 /* QBImagePicker.framework in Frameworks */ = {isa = PBXBuildFile; fileRef = EC7263701DC6AF1900D826D6 /* QBImagePicker.framework */; };
		EC7263741DC6B77F00D826D6 /* QBImagePicker.framework in Embed Frameworks */ = {isa = PBXBuildFile; fileRef = EC7263701DC6AF1900D826D6 /* QBImagePicker.framework */; settings = {ATTRIBUTES = (CodeSignOnCopy, RemoveHeadersOnCopy, ); }; };
		EC7263781DC6B78800D826D6 /* RSKImageCropper.framework in Frameworks */ = {isa = PBXBuildFile; fileRef = EC7263691DC6AF0D00D826D6 /* RSKImageCropper.framework */; };
		EC7263791DC6B78800D826D6 /* RSKImageCropper.framework in Embed Frameworks */ = {isa = PBXBuildFile; fileRef = EC7263691DC6AF0D00D826D6 /* RSKImageCropper.framework */; settings = {ATTRIBUTES = (CodeSignOnCopy, RemoveHeadersOnCopy, ); }; };
		EC7DD7221DC0110F00D34C12 /* libRNQuickAction.a in Frameworks */ = {isa = PBXBuildFile; fileRef = EC7DD71F1DC010F800D34C12 /* libRNQuickAction.a */; };
		EC8A51DA1DB9A2E00098F194 /* NotoSans-Bold.ttf in Resources */ = {isa = PBXBuildFile; fileRef = EC8A51D61DB9A2E00098F194 /* NotoSans-Bold.ttf */; };
		EC8A51DB1DB9A2E00098F194 /* NotoSans-BoldItalic.ttf in Resources */ = {isa = PBXBuildFile; fileRef = EC8A51D71DB9A2E00098F194 /* NotoSans-BoldItalic.ttf */; };
		EC8A51DC1DB9A2E00098F194 /* NotoSans-Italic.ttf in Resources */ = {isa = PBXBuildFile; fileRef = EC8A51D81DB9A2E00098F194 /* NotoSans-Italic.ttf */; };
		EC8A51DD1DB9A2E00098F194 /* NotoSans-Regular.ttf in Resources */ = {isa = PBXBuildFile; fileRef = EC8A51D91DB9A2E00098F194 /* NotoSans-Regular.ttf */; };
		EC8A51F61DB9A48F0098F194 /* Lato-Black.ttf in Resources */ = {isa = PBXBuildFile; fileRef = EC8A51EC1DB9A48F0098F194 /* Lato-Black.ttf */; };
		EC8A51F71DB9A48F0098F194 /* Lato-BlackItalic.ttf in Resources */ = {isa = PBXBuildFile; fileRef = EC8A51ED1DB9A48F0098F194 /* Lato-BlackItalic.ttf */; };
		EC8A51F81DB9A48F0098F194 /* Lato-Bold.ttf in Resources */ = {isa = PBXBuildFile; fileRef = EC8A51EE1DB9A48F0098F194 /* Lato-Bold.ttf */; };
		EC8A51F91DB9A48F0098F194 /* Lato-BoldItalic.ttf in Resources */ = {isa = PBXBuildFile; fileRef = EC8A51EF1DB9A48F0098F194 /* Lato-BoldItalic.ttf */; };
		EC8A51FA1DB9A48F0098F194 /* Lato-Hairline.ttf in Resources */ = {isa = PBXBuildFile; fileRef = EC8A51F01DB9A48F0098F194 /* Lato-Hairline.ttf */; };
		EC8A51FB1DB9A48F0098F194 /* Lato-HairlineItalic.ttf in Resources */ = {isa = PBXBuildFile; fileRef = EC8A51F11DB9A48F0098F194 /* Lato-HairlineItalic.ttf */; };
		EC8A51FC1DB9A48F0098F194 /* Lato-Italic.ttf in Resources */ = {isa = PBXBuildFile; fileRef = EC8A51F21DB9A48F0098F194 /* Lato-Italic.ttf */; };
		EC8A51FD1DB9A48F0098F194 /* Lato-Light.ttf in Resources */ = {isa = PBXBuildFile; fileRef = EC8A51F31DB9A48F0098F194 /* Lato-Light.ttf */; };
		EC8A51FE1DB9A48F0098F194 /* Lato-LightItalic.ttf in Resources */ = {isa = PBXBuildFile; fileRef = EC8A51F41DB9A48F0098F194 /* Lato-LightItalic.ttf */; };
		EC8A51FF1DB9A48F0098F194 /* Lato-Regular.ttf in Resources */ = {isa = PBXBuildFile; fileRef = EC8A51F51DB9A48F0098F194 /* Lato-Regular.ttf */; };
/* End PBXBuildFile section */

/* Begin PBXContainerItemProxy section */
		00C302AB1ABCB8CE00DB3ED1 /* PBXContainerItemProxy */ = {
			isa = PBXContainerItemProxy;
			containerPortal = 00C302A71ABCB8CE00DB3ED1 /* RCTActionSheet.xcodeproj */;
			proxyType = 2;
			remoteGlobalIDString = 134814201AA4EA6300B7C361;
			remoteInfo = RCTActionSheet;
		};
		00C302B91ABCB90400DB3ED1 /* PBXContainerItemProxy */ = {
			isa = PBXContainerItemProxy;
			containerPortal = 00C302B51ABCB90400DB3ED1 /* RCTGeolocation.xcodeproj */;
			proxyType = 2;
			remoteGlobalIDString = 134814201AA4EA6300B7C361;
			remoteInfo = RCTGeolocation;
		};
		00C302BF1ABCB91800DB3ED1 /* PBXContainerItemProxy */ = {
			isa = PBXContainerItemProxy;
			containerPortal = 00C302BB1ABCB91800DB3ED1 /* RCTImage.xcodeproj */;
			proxyType = 2;
			remoteGlobalIDString = 58B5115D1A9E6B3D00147676;
			remoteInfo = RCTImage;
		};
		00C302DB1ABCB9D200DB3ED1 /* PBXContainerItemProxy */ = {
			isa = PBXContainerItemProxy;
			containerPortal = 00C302D31ABCB9D200DB3ED1 /* RCTNetwork.xcodeproj */;
			proxyType = 2;
			remoteGlobalIDString = 58B511DB1A9E6C8500147676;
			remoteInfo = RCTNetwork;
		};
		00C302E31ABCB9EE00DB3ED1 /* PBXContainerItemProxy */ = {
			isa = PBXContainerItemProxy;
			containerPortal = 00C302DF1ABCB9EE00DB3ED1 /* RCTVibration.xcodeproj */;
			proxyType = 2;
			remoteGlobalIDString = 832C81801AAF6DEF007FA2F7;
			remoteInfo = RCTVibration;
		};
		00E356F41AD99517003FC87E /* PBXContainerItemProxy */ = {
			isa = PBXContainerItemProxy;
			containerPortal = 83CBB9F71A601CBA00E9B192 /* Project object */;
			proxyType = 1;
			remoteGlobalIDString = 13B07F861A680F5B00A75B9A;
			remoteInfo = CoreEvent;
		};
		139105C01AF99BAD00B5F7CC /* PBXContainerItemProxy */ = {
			isa = PBXContainerItemProxy;
			containerPortal = 139105B61AF99BAD00B5F7CC /* RCTSettings.xcodeproj */;
			proxyType = 2;
			remoteGlobalIDString = 134814201AA4EA6300B7C361;
			remoteInfo = RCTSettings;
		};
		139FDEF31B06529B00C62182 /* PBXContainerItemProxy */ = {
			isa = PBXContainerItemProxy;
			containerPortal = 139FDEE61B06529A00C62182 /* RCTWebSocket.xcodeproj */;
			proxyType = 2;
			remoteGlobalIDString = 3C86DF461ADF2C930047B81A;
			remoteInfo = RCTWebSocket;
		};
		146834031AC3E56700842450 /* PBXContainerItemProxy */ = {
			isa = PBXContainerItemProxy;
			containerPortal = 146833FF1AC3E56700842450 /* React.xcodeproj */;
			proxyType = 2;
			remoteGlobalIDString = 83CBBA2E1A601D0E00E9B192;
			remoteInfo = React;
		};
		78C398B81ACF4ADC00677621 /* PBXContainerItemProxy */ = {
			isa = PBXContainerItemProxy;
			containerPortal = 78C398B01ACF4ADC00677621 /* RCTLinking.xcodeproj */;
			proxyType = 2;
			remoteGlobalIDString = 134814201AA4EA6300B7C361;
			remoteInfo = RCTLinking;
		};
		832341B41AAA6A8300B99B32 /* PBXContainerItemProxy */ = {
			isa = PBXContainerItemProxy;
			containerPortal = 832341B01AAA6A8300B99B32 /* RCTText.xcodeproj */;
			proxyType = 2;
			remoteGlobalIDString = 58B5119B1A9E6C1200147676;
			remoteInfo = RCTText;
		};
		EC3295F71DC30910007A2F67 /* PBXContainerItemProxy */ = {
			isa = PBXContainerItemProxy;
			containerPortal = 9A1066ECA7C04D198579E3B6 /* RCTVideo.xcodeproj */;
			proxyType = 2;
			remoteGlobalIDString = 134814201AA4EA6300B7C361;
			remoteInfo = RCTVideo;
		};
		EC3540011DB94ADD000DC2EF /* PBXContainerItemProxy */ = {
			isa = PBXContainerItemProxy;
			containerPortal = 9E9F8CF4FA3E43849F40D516 /* RCTGoogleAnalyticsBridge.xcodeproj */;
			proxyType = 2;
			remoteGlobalIDString = A79185C61C30694E001236A6;
			remoteInfo = RCTGoogleAnalyticsBridge;
		};
		EC3540111DB94ADD000DC2EF /* PBXContainerItemProxy */ = {
			isa = PBXContainerItemProxy;
			containerPortal = AEF1FE52D5684E3E92B359F3 /* RNI18n.xcodeproj */;
			proxyType = 2;
			remoteGlobalIDString = CDD7BF781B2D5125006FDA75;
			remoteInfo = RNI18n;
		};
		EC3540131DB94ADD000DC2EF /* PBXContainerItemProxy */ = {
			isa = PBXContainerItemProxy;
			containerPortal = AEF1FE52D5684E3E92B359F3 /* RNI18n.xcodeproj */;
			proxyType = 2;
			remoteGlobalIDString = CDD7BF831B2D5126006FDA75;
			remoteInfo = RNI18nTests;
		};
		EC3540161DB94ADD000DC2EF /* PBXContainerItemProxy */ = {
			isa = PBXContainerItemProxy;
			containerPortal = 62811B4A5EB344CDBA457C2F /* RNVectorIcons.xcodeproj */;
			proxyType = 2;
			remoteGlobalIDString = 5DBEB1501B18CEA900B34395;
			remoteInfo = RNVectorIcons;
		};
		EC486AEC1DB9EE6B00FC177A /* PBXContainerItemProxy */ = {
			isa = PBXContainerItemProxy;
			containerPortal = EC486AE81DB9EE6B00FC177A /* ART.xcodeproj */;
			proxyType = 2;
			remoteGlobalIDString = 0CF68AC11AF0540F00FF9E5C;
			remoteInfo = ART;
		};
		EC486B101DBAA2EC00FC177A /* PBXContainerItemProxy */ = {
			isa = PBXContainerItemProxy;
			containerPortal = C9DB10884ABC4A81AF59932E /* RCTCamera.xcodeproj */;
			proxyType = 2;
			remoteGlobalIDString = 4107012F1ACB723B00C6AA39;
			remoteInfo = RCTCamera;
		};
		EC486B401DBD4B7C00FC177A /* PBXContainerItemProxy */ = {
			isa = PBXContainerItemProxy;
			containerPortal = B80DD6F2B6C1454FBAFD6106 /* RNSpinkit.xcodeproj */;
			proxyType = 2;
			remoteGlobalIDString = D42CB3511B2538DE00FD0AE2;
			remoteInfo = RNSpinkit;
		};
		EC7262C21DC5BDB400D826D6 /* PBXContainerItemProxy */ = {
			isa = PBXContainerItemProxy;
			containerPortal = EC7262BE1DC5BDB400D826D6 /* RCTPushNotification.xcodeproj */;
			proxyType = 2;
			remoteGlobalIDString = 134814201AA4EA6300B7C361;
			remoteInfo = RCTPushNotification;
		};
		EC7262EA1DC67B7900D826D6 /* PBXContainerItemProxy */ = {
			isa = PBXContainerItemProxy;
			containerPortal = 2189A4CF4BE842959C059479 /* RNDeviceInfo.xcodeproj */;
			proxyType = 2;
			remoteGlobalIDString = DA5891D81BA9A9FC002B4DB2;
			remoteInfo = RNDeviceInfo;
		};
		EC72634D1DC6AEA700D826D6 /* PBXContainerItemProxy */ = {
			isa = PBXContainerItemProxy;
			containerPortal = 719A474719B147D4BB404778 /* ImageCropPicker.xcodeproj */;
			proxyType = 2;
			remoteGlobalIDString = 3400A8081CEB54A6008A0BC7;
			remoteInfo = imageCropPicker;
		};
		EC7263681DC6AF0D00D826D6 /* PBXContainerItemProxy */ = {
			isa = PBXContainerItemProxy;
			containerPortal = EC7263631DC6AF0D00D826D6 /* RSKImageCropper.xcodeproj */;
			proxyType = 2;
			remoteGlobalIDString = A5BE393D1B32B49D00ECDF88;
			remoteInfo = RSKImageCropper;
		};
		EC72636F1DC6AF1900D826D6 /* PBXContainerItemProxy */ = {
			isa = PBXContainerItemProxy;
			containerPortal = EC72636A1DC6AF1900D826D6 /* QBImagePicker.xcodeproj */;
			proxyType = 2;
			remoteGlobalIDString = AAA8FE031ACDA079002A9710;
			remoteInfo = QBImagePicker;
		};
		EC7263751DC6B77F00D826D6 /* PBXContainerItemProxy */ = {
			isa = PBXContainerItemProxy;
			containerPortal = EC72636A1DC6AF1900D826D6 /* QBImagePicker.xcodeproj */;
			proxyType = 1;
			remoteGlobalIDString = AAA8FE021ACDA079002A9710;
			remoteInfo = QBImagePicker;
		};
		EC72637A1DC6B78800D826D6 /* PBXContainerItemProxy */ = {
			isa = PBXContainerItemProxy;
			containerPortal = EC7263631DC6AF0D00D826D6 /* RSKImageCropper.xcodeproj */;
			proxyType = 1;
			remoteGlobalIDString = A5BE393C1B32B49D00ECDF88;
			remoteInfo = RSKImageCropper;
		};
		EC72639B1DC6DBB700D826D6 /* PBXContainerItemProxy */ = {
			isa = PBXContainerItemProxy;
			containerPortal = 18C79638990249EA995C6C63 /* BVLinearGradient.xcodeproj */;
			proxyType = 2;
			remoteGlobalIDString = 134814201AA4EA6300B7C361;
			remoteInfo = BVLinearGradient;
		};
		EC7263B11DC6DBB700D826D6 /* PBXContainerItemProxy */ = {
			isa = PBXContainerItemProxy;
			containerPortal = 34711E653C8D497284B81DF1 /* RNImagePicker.xcodeproj */;
			proxyType = 2;
			remoteGlobalIDString = 014A3B5C1C6CF33500B6D375;
			remoteInfo = RNImagePicker;
		};
		EC7DD71E1DC010F800D34C12 /* PBXContainerItemProxy */ = {
			isa = PBXContainerItemProxy;
			containerPortal = EC7DD70B1DC010F800D34C12 /* RNQuickAction.xcodeproj */;
			proxyType = 2;
			remoteGlobalIDString = 91090D8B1BB6C934009AE358;
			remoteInfo = RNQuickAction;
		};
		ECC3B5331DCBEB2F003B4807 /* PBXContainerItemProxy */ = {
			isa = PBXContainerItemProxy;
			containerPortal = 834D3A011E5A4F868336CB75 /* RNLocation.xcodeproj */;
			proxyType = 2;
			remoteGlobalIDString = 134814201AA4EA6300B7C361;
			remoteInfo = RNLocation;
		};
		ECC3B5891DCBF489003B4807 /* PBXContainerItemProxy */ = {
			isa = PBXContainerItemProxy;
			containerPortal = A56BE4FC1CB54826AC937C82 /* RNGeocoder.xcodeproj */;
			proxyType = 2;
			remoteGlobalIDString = BF8FCF941BFFB184000FCD37;
			remoteInfo = RNGeocoder;
		};
/* End PBXContainerItemProxy section */

/* Begin PBXCopyFilesBuildPhase section */
		EC7263771DC6B77F00D826D6 /* Embed Frameworks */ = {
			isa = PBXCopyFilesBuildPhase;
			buildActionMask = 2147483647;
			dstPath = "";
			dstSubfolderSpec = 10;
			files = (
				EC7263741DC6B77F00D826D6 /* QBImagePicker.framework in Embed Frameworks */,
				EC7263791DC6B78800D826D6 /* RSKImageCropper.framework in Embed Frameworks */,
			);
			name = "Embed Frameworks";
			runOnlyForDeploymentPostprocessing = 0;
		};
/* End PBXCopyFilesBuildPhase section */

/* Begin PBXFileReference section */
		008F07F21AC5B25A0029DE68 /* main.jsbundle */ = {isa = PBXFileReference; fileEncoding = 4; lastKnownFileType = text; path = main.jsbundle; sourceTree = "<group>"; };
		00C302A71ABCB8CE00DB3ED1 /* RCTActionSheet.xcodeproj */ = {isa = PBXFileReference; lastKnownFileType = "wrapper.pb-project"; name = RCTActionSheet.xcodeproj; path = "../node_modules/react-native/Libraries/ActionSheetIOS/RCTActionSheet.xcodeproj"; sourceTree = "<group>"; };
		00C302B51ABCB90400DB3ED1 /* RCTGeolocation.xcodeproj */ = {isa = PBXFileReference; lastKnownFileType = "wrapper.pb-project"; name = RCTGeolocation.xcodeproj; path = "../node_modules/react-native/Libraries/Geolocation/RCTGeolocation.xcodeproj"; sourceTree = "<group>"; };
		00C302BB1ABCB91800DB3ED1 /* RCTImage.xcodeproj */ = {isa = PBXFileReference; lastKnownFileType = "wrapper.pb-project"; name = RCTImage.xcodeproj; path = "../node_modules/react-native/Libraries/Image/RCTImage.xcodeproj"; sourceTree = "<group>"; };
		00C302D31ABCB9D200DB3ED1 /* RCTNetwork.xcodeproj */ = {isa = PBXFileReference; lastKnownFileType = "wrapper.pb-project"; name = RCTNetwork.xcodeproj; path = "../node_modules/react-native/Libraries/Network/RCTNetwork.xcodeproj"; sourceTree = "<group>"; };
		00C302DF1ABCB9EE00DB3ED1 /* RCTVibration.xcodeproj */ = {isa = PBXFileReference; lastKnownFileType = "wrapper.pb-project"; name = RCTVibration.xcodeproj; path = "../node_modules/react-native/Libraries/Vibration/RCTVibration.xcodeproj"; sourceTree = "<group>"; };
		00E356EE1AD99517003FC87E /* CoreEventTests.xctest */ = {isa = PBXFileReference; explicitFileType = wrapper.cfbundle; includeInIndex = 0; path = CoreEventTests.xctest; sourceTree = BUILT_PRODUCTS_DIR; };
		00E356F11AD99517003FC87E /* Info.plist */ = {isa = PBXFileReference; lastKnownFileType = text.plist.xml; path = Info.plist; sourceTree = "<group>"; };
		00E356F21AD99517003FC87E /* CoreEventTests.m */ = {isa = PBXFileReference; lastKnownFileType = sourcecode.c.objc; path = CoreEventTests.m; sourceTree = "<group>"; };
		0E27A4CDB37B4F58A5395069 /* libRCTVideo.a */ = {isa = PBXFileReference; explicitFileType = undefined; fileEncoding = 9; includeInIndex = 0; lastKnownFileType = archive.ar; path = libRCTVideo.a; sourceTree = "<group>"; };
		139105B61AF99BAD00B5F7CC /* RCTSettings.xcodeproj */ = {isa = PBXFileReference; lastKnownFileType = "wrapper.pb-project"; name = RCTSettings.xcodeproj; path = "../node_modules/react-native/Libraries/Settings/RCTSettings.xcodeproj"; sourceTree = "<group>"; };
		139FDEE61B06529A00C62182 /* RCTWebSocket.xcodeproj */ = {isa = PBXFileReference; lastKnownFileType = "wrapper.pb-project"; name = RCTWebSocket.xcodeproj; path = "../node_modules/react-native/Libraries/WebSocket/RCTWebSocket.xcodeproj"; sourceTree = "<group>"; };
		13B07F961A680F5B00A75B9A /* CoreEvent.app */ = {isa = PBXFileReference; explicitFileType = wrapper.application; includeInIndex = 0; path = CoreEvent.app; sourceTree = BUILT_PRODUCTS_DIR; };
		13B07FAF1A68108700A75B9A /* AppDelegate.h */ = {isa = PBXFileReference; fileEncoding = 4; lastKnownFileType = sourcecode.c.h; name = AppDelegate.h; path = CoreEvent/AppDelegate.h; sourceTree = "<group>"; };
		13B07FB01A68108700A75B9A /* AppDelegate.m */ = {isa = PBXFileReference; fileEncoding = 4; lastKnownFileType = sourcecode.c.objc; name = AppDelegate.m; path = CoreEvent/AppDelegate.m; sourceTree = "<group>"; };
		13B07FB21A68108700A75B9A /* Base */ = {isa = PBXFileReference; lastKnownFileType = file.xib; name = Base; path = Base.lproj/LaunchScreen.xib; sourceTree = "<group>"; };
		13B07FB51A68108700A75B9A /* Images.xcassets */ = {isa = PBXFileReference; lastKnownFileType = folder.assetcatalog; name = Images.xcassets; path = CoreEvent/Images.xcassets; sourceTree = "<group>"; };
		13B07FB61A68108700A75B9A /* Info.plist */ = {isa = PBXFileReference; fileEncoding = 4; lastKnownFileType = text.plist.xml; name = Info.plist; path = CoreEvent/Info.plist; sourceTree = "<group>"; };
		13B07FB71A68108700A75B9A /* main.m */ = {isa = PBXFileReference; fileEncoding = 4; lastKnownFileType = sourcecode.c.objc; name = main.m; path = CoreEvent/main.m; sourceTree = "<group>"; };
		146833FF1AC3E56700842450 /* React.xcodeproj */ = {isa = PBXFileReference; lastKnownFileType = "wrapper.pb-project"; name = React.xcodeproj; path = "../node_modules/react-native/React/React.xcodeproj"; sourceTree = "<group>"; };
		18C79638990249EA995C6C63 /* BVLinearGradient.xcodeproj */ = {isa = PBXFileReference; explicitFileType = undefined; fileEncoding = 9; includeInIndex = 0; lastKnownFileType = "wrapper.pb-project"; name = BVLinearGradient.xcodeproj; path = "../node_modules/react-native-linear-gradient/BVLinearGradient.xcodeproj"; sourceTree = "<group>"; };
		1C0AE7C24C6C4845B9C86551 /* EvilIcons.ttf */ = {isa = PBXFileReference; explicitFileType = undefined; fileEncoding = 9; includeInIndex = 0; lastKnownFileType = unknown; name = EvilIcons.ttf; path = "../node_modules/react-native-vector-icons/Fonts/EvilIcons.ttf"; sourceTree = "<group>"; };
		2189A4CF4BE842959C059479 /* RNDeviceInfo.xcodeproj */ = {isa = PBXFileReference; explicitFileType = undefined; fileEncoding = 9; includeInIndex = 0; lastKnownFileType = "wrapper.pb-project"; name = RNDeviceInfo.xcodeproj; path = "../node_modules/react-native-device-info/RNDeviceInfo.xcodeproj"; sourceTree = "<group>"; };
		34711E653C8D497284B81DF1 /* RNImagePicker.xcodeproj */ = {isa = PBXFileReference; explicitFileType = undefined; fileEncoding = 9; includeInIndex = 0; lastKnownFileType = "wrapper.pb-project"; name = RNImagePicker.xcodeproj; path = "../node_modules/react-native-image-picker/ios/RNImagePicker.xcodeproj"; sourceTree = "<group>"; };
		45B89379D6C34B508D81AE0C /* Foundation.ttf */ = {isa = PBXFileReference; explicitFileType = undefined; fileEncoding = 9; includeInIndex = 0; lastKnownFileType = unknown; name = Foundation.ttf; path = "../node_modules/react-native-vector-icons/Fonts/Foundation.ttf"; sourceTree = "<group>"; };
		46917351ADFB4D53982CA259 /* libRCTCamera.a */ = {isa = PBXFileReference; explicitFileType = undefined; fileEncoding = 9; includeInIndex = 0; lastKnownFileType = archive.ar; path = libRCTCamera.a; sourceTree = "<group>"; };
		59CFC9E88E8C450DBDD41ACF /* MaterialIcons.ttf */ = {isa = PBXFileReference; explicitFileType = undefined; fileEncoding = 9; includeInIndex = 0; lastKnownFileType = unknown; name = MaterialIcons.ttf; path = "../node_modules/react-native-vector-icons/Fonts/MaterialIcons.ttf"; sourceTree = "<group>"; };
		5A3A3F9E8EB5436C90A8BD2D /* FontAwesome.ttf */ = {isa = PBXFileReference; explicitFileType = undefined; fileEncoding = 9; includeInIndex = 0; lastKnownFileType = unknown; name = FontAwesome.ttf; path = "../node_modules/react-native-vector-icons/Fonts/FontAwesome.ttf"; sourceTree = "<group>"; };
		62811B4A5EB344CDBA457C2F /* RNVectorIcons.xcodeproj */ = {isa = PBXFileReference; explicitFileType = undefined; fileEncoding = 9; includeInIndex = 0; lastKnownFileType = "wrapper.pb-project"; name = RNVectorIcons.xcodeproj; path = "../node_modules/react-native-vector-icons/RNVectorIcons.xcodeproj"; sourceTree = "<group>"; };
		679781D84C5E4589BF588F5A /* libRCTGoogleAnalyticsBridge.a */ = {isa = PBXFileReference; explicitFileType = undefined; fileEncoding = 9; includeInIndex = 0; lastKnownFileType = archive.ar; path = libRCTGoogleAnalyticsBridge.a; sourceTree = "<group>"; };
		719A474719B147D4BB404778 /* ImageCropPicker.xcodeproj */ = {isa = PBXFileReference; explicitFileType = undefined; fileEncoding = 9; includeInIndex = 0; lastKnownFileType = "wrapper.pb-project"; name = ImageCropPicker.xcodeproj; path = "../node_modules/react-native-image-crop-picker/ios/ImageCropPicker.xcodeproj"; sourceTree = "<group>"; };
		78C398B01ACF4ADC00677621 /* RCTLinking.xcodeproj */ = {isa = PBXFileReference; lastKnownFileType = "wrapper.pb-project"; name = RCTLinking.xcodeproj; path = "../node_modules/react-native/Libraries/LinkingIOS/RCTLinking.xcodeproj"; sourceTree = "<group>"; };
		8068FB01A779470681D733E2 /* libRNGeocoder.a */ = {isa = PBXFileReference; explicitFileType = undefined; fileEncoding = 9; includeInIndex = 0; lastKnownFileType = archive.ar; path = libRNGeocoder.a; sourceTree = "<group>"; };
		832341B01AAA6A8300B99B32 /* RCTText.xcodeproj */ = {isa = PBXFileReference; lastKnownFileType = "wrapper.pb-project"; name = RCTText.xcodeproj; path = "../node_modules/react-native/Libraries/Text/RCTText.xcodeproj"; sourceTree = "<group>"; };
		834D3A011E5A4F868336CB75 /* RNLocation.xcodeproj */ = {isa = PBXFileReference; explicitFileType = undefined; fileEncoding = 9; includeInIndex = 0; lastKnownFileType = "wrapper.pb-project"; name = RNLocation.xcodeproj; path = "../node_modules/react-native-location/RNLocation.xcodeproj"; sourceTree = "<group>"; };
		844CC8DD537E4681868EA9E0 /* Zocial.ttf */ = {isa = PBXFileReference; explicitFileType = undefined; fileEncoding = 9; includeInIndex = 0; lastKnownFileType = unknown; name = Zocial.ttf; path = "../node_modules/react-native-vector-icons/Fonts/Zocial.ttf"; sourceTree = "<group>"; };
		84836F7868574475AAD53899 /* libRNI18n.a */ = {isa = PBXFileReference; explicitFileType = undefined; fileEncoding = 9; includeInIndex = 0; lastKnownFileType = archive.ar; path = libRNI18n.a; sourceTree = "<group>"; };
		9051100C2A764AA5B4B2F4D6 /* Entypo.ttf */ = {isa = PBXFileReference; explicitFileType = undefined; fileEncoding = 9; includeInIndex = 0; lastKnownFileType = unknown; name = Entypo.ttf; path = "../node_modules/react-native-vector-icons/Fonts/Entypo.ttf"; sourceTree = "<group>"; };
		9290AE0E230D40FA8B7FF16F /* libRNImagePicker.a */ = {isa = PBXFileReference; explicitFileType = undefined; fileEncoding = 9; includeInIndex = 0; lastKnownFileType = archive.ar; path = libRNImagePicker.a; sourceTree = "<group>"; };
		9A1066ECA7C04D198579E3B6 /* RCTVideo.xcodeproj */ = {isa = PBXFileReference; explicitFileType = undefined; fileEncoding = 9; includeInIndex = 0; lastKnownFileType = "wrapper.pb-project"; name = RCTVideo.xcodeproj; path = "../node_modules/react-native-video/RCTVideo.xcodeproj"; sourceTree = "<group>"; };
		9E9F8CF4FA3E43849F40D516 /* RCTGoogleAnalyticsBridge.xcodeproj */ = {isa = PBXFileReference; explicitFileType = undefined; fileEncoding = 9; includeInIndex = 0; lastKnownFileType = "wrapper.pb-project"; name = RCTGoogleAnalyticsBridge.xcodeproj; path = "../node_modules/react-native-google-analytics-bridge/ios/RCTGoogleAnalyticsBridge/RCTGoogleAnalyticsBridge.xcodeproj"; sourceTree = "<group>"; };
		A56BE4FC1CB54826AC937C82 /* RNGeocoder.xcodeproj */ = {isa = PBXFileReference; explicitFileType = undefined; fileEncoding = 9; includeInIndex = 0; lastKnownFileType = "wrapper.pb-project"; name = RNGeocoder.xcodeproj; path = "../node_modules/react-native-geocoder/ios/RNGeocoder.xcodeproj"; sourceTree = "<group>"; };
		AEDA200F5A8C4AF593948399 /* Ionicons.ttf */ = {isa = PBXFileReference; explicitFileType = undefined; fileEncoding = 9; includeInIndex = 0; lastKnownFileType = unknown; name = Ionicons.ttf; path = "../node_modules/react-native-vector-icons/Fonts/Ionicons.ttf"; sourceTree = "<group>"; };
		AEF1FE52D5684E3E92B359F3 /* RNI18n.xcodeproj */ = {isa = PBXFileReference; explicitFileType = undefined; fileEncoding = 9; includeInIndex = 0; lastKnownFileType = "wrapper.pb-project"; name = RNI18n.xcodeproj; path = "../node_modules/react-native-i18n/RNI18n.xcodeproj"; sourceTree = "<group>"; };
		B80DD6F2B6C1454FBAFD6106 /* RNSpinkit.xcodeproj */ = {isa = PBXFileReference; explicitFileType = undefined; fileEncoding = 9; includeInIndex = 0; lastKnownFileType = "wrapper.pb-project"; name = RNSpinkit.xcodeproj; path = "../node_modules/react-native-spinkit/ios/RNSpinkit.xcodeproj"; sourceTree = "<group>"; };
		BB024DE3ABD64A1A94F7F501 /* libRNDeviceInfo.a */ = {isa = PBXFileReference; explicitFileType = undefined; fileEncoding = 9; includeInIndex = 0; lastKnownFileType = archive.ar; path = libRNDeviceInfo.a; sourceTree = "<group>"; };
		BF78D38837854E22A672810F /* libRNLocation.a */ = {isa = PBXFileReference; explicitFileType = undefined; fileEncoding = 9; includeInIndex = 0; lastKnownFileType = archive.ar; path = libRNLocation.a; sourceTree = "<group>"; };
		C9DB10884ABC4A81AF59932E /* RCTCamera.xcodeproj */ = {isa = PBXFileReference; explicitFileType = undefined; fileEncoding = 9; includeInIndex = 0; lastKnownFileType = "wrapper.pb-project"; name = RCTCamera.xcodeproj; path = "../node_modules/react-native-camera/ios/RCTCamera.xcodeproj"; sourceTree = "<group>"; };
		E7136B20503347C68D0CDCE8 /* libimageCropPicker.a */ = {isa = PBXFileReference; explicitFileType = undefined; fileEncoding = 9; includeInIndex = 0; lastKnownFileType = archive.ar; path = libimageCropPicker.a; sourceTree = "<group>"; };
		EB89868C48434722AD864DDD /* libRNSpinkit.a */ = {isa = PBXFileReference; explicitFileType = undefined; fileEncoding = 9; includeInIndex = 0; lastKnownFileType = archive.ar; path = libRNSpinkit.a; sourceTree = "<group>"; };
		EC3540191DB94B89000DC2EF /* CoreData.framework */ = {isa = PBXFileReference; lastKnownFileType = wrapper.framework; name = CoreData.framework; path = System/Library/Frameworks/CoreData.framework; sourceTree = SDKROOT; };
		EC35401B1DB94B92000DC2EF /* SystemConfiguration.framework */ = {isa = PBXFileReference; lastKnownFileType = wrapper.framework; name = SystemConfiguration.framework; path = System/Library/Frameworks/SystemConfiguration.framework; sourceTree = SDKROOT; };
		EC35401D1DB94B9D000DC2EF /* libz.tbd */ = {isa = PBXFileReference; lastKnownFileType = "sourcecode.text-based-dylib-definition"; name = libz.tbd; path = usr/lib/libz.tbd; sourceTree = SDKROOT; };
		EC35401F1DB94BA6000DC2EF /* libsqlite3.0.tbd */ = {isa = PBXFileReference; lastKnownFileType = "sourcecode.text-based-dylib-definition"; name = libsqlite3.0.tbd; path = usr/lib/libsqlite3.0.tbd; sourceTree = SDKROOT; };
		EC3540491DB95BD4000DC2EF /* CoreEvent.entitlements */ = {isa = PBXFileReference; lastKnownFileType = text.plist.entitlements; name = CoreEvent.entitlements; path = CoreEvent/CoreEvent.entitlements; sourceTree = "<group>"; };
		EC486AE81DB9EE6B00FC177A /* ART.xcodeproj */ = {isa = PBXFileReference; lastKnownFileType = "wrapper.pb-project"; name = ART.xcodeproj; path = "../node_modules/react-native/Libraries/ART/ART.xcodeproj"; sourceTree = "<group>"; };
		EC7262BE1DC5BDB400D826D6 /* RCTPushNotification.xcodeproj */ = {isa = PBXFileReference; lastKnownFileType = "wrapper.pb-project"; name = RCTPushNotification.xcodeproj; path = "../node_modules/react-native/Libraries/PushNotificationIOS/RCTPushNotification.xcodeproj"; sourceTree = "<group>"; };
		EC7263631DC6AF0D00D826D6 /* RSKImageCropper.xcodeproj */ = {isa = PBXFileReference; lastKnownFileType = "wrapper.pb-project"; name = RSKImageCropper.xcodeproj; path = "../node_modules/react-native-image-crop-picker/ios/RSKImageCropper/RSKImageCropper.xcodeproj"; sourceTree = "<group>"; };
		EC72636A1DC6AF1900D826D6 /* QBImagePicker.xcodeproj */ = {isa = PBXFileReference; lastKnownFileType = "wrapper.pb-project"; name = QBImagePicker.xcodeproj; path = "../node_modules/react-native-image-crop-picker/ios/QBImagePicker/QBImagePicker.xcodeproj"; sourceTree = "<group>"; };
		EC7DD70B1DC010F800D34C12 /* RNQuickAction.xcodeproj */ = {isa = PBXFileReference; lastKnownFileType = "wrapper.pb-project"; name = RNQuickAction.xcodeproj; path = "../node_modules/react-native-quick-actions/RNQuickAction/RNQuickAction.xcodeproj"; sourceTree = "<group>"; };
		EC8A51D61DB9A2E00098F194 /* NotoSans-Bold.ttf */ = {isa = PBXFileReference; lastKnownFileType = file; path = "NotoSans-Bold.ttf"; sourceTree = "<group>"; };
		EC8A51D71DB9A2E00098F194 /* NotoSans-BoldItalic.ttf */ = {isa = PBXFileReference; lastKnownFileType = file; path = "NotoSans-BoldItalic.ttf"; sourceTree = "<group>"; };
		EC8A51D81DB9A2E00098F194 /* NotoSans-Italic.ttf */ = {isa = PBXFileReference; lastKnownFileType = file; path = "NotoSans-Italic.ttf"; sourceTree = "<group>"; };
		EC8A51D91DB9A2E00098F194 /* NotoSans-Regular.ttf */ = {isa = PBXFileReference; lastKnownFileType = file; path = "NotoSans-Regular.ttf"; sourceTree = "<group>"; };
		EC8A51EC1DB9A48F0098F194 /* Lato-Black.ttf */ = {isa = PBXFileReference; lastKnownFileType = file; path = "Lato-Black.ttf"; sourceTree = "<group>"; };
		EC8A51ED1DB9A48F0098F194 /* Lato-BlackItalic.ttf */ = {isa = PBXFileReference; lastKnownFileType = file; path = "Lato-BlackItalic.ttf"; sourceTree = "<group>"; };
		EC8A51EE1DB9A48F0098F194 /* Lato-Bold.ttf */ = {isa = PBXFileReference; lastKnownFileType = file; path = "Lato-Bold.ttf"; sourceTree = "<group>"; };
		EC8A51EF1DB9A48F0098F194 /* Lato-BoldItalic.ttf */ = {isa = PBXFileReference; lastKnownFileType = file; path = "Lato-BoldItalic.ttf"; sourceTree = "<group>"; };
		EC8A51F01DB9A48F0098F194 /* Lato-Hairline.ttf */ = {isa = PBXFileReference; lastKnownFileType = file; path = "Lato-Hairline.ttf"; sourceTree = "<group>"; };
		EC8A51F11DB9A48F0098F194 /* Lato-HairlineItalic.ttf */ = {isa = PBXFileReference; lastKnownFileType = file; path = "Lato-HairlineItalic.ttf"; sourceTree = "<group>"; };
		EC8A51F21DB9A48F0098F194 /* Lato-Italic.ttf */ = {isa = PBXFileReference; lastKnownFileType = file; path = "Lato-Italic.ttf"; sourceTree = "<group>"; };
		EC8A51F31DB9A48F0098F194 /* Lato-Light.ttf */ = {isa = PBXFileReference; lastKnownFileType = file; path = "Lato-Light.ttf"; sourceTree = "<group>"; };
		EC8A51F41DB9A48F0098F194 /* Lato-LightItalic.ttf */ = {isa = PBXFileReference; lastKnownFileType = file; path = "Lato-LightItalic.ttf"; sourceTree = "<group>"; };
		EC8A51F51DB9A48F0098F194 /* Lato-Regular.ttf */ = {isa = PBXFileReference; lastKnownFileType = file; path = "Lato-Regular.ttf"; sourceTree = "<group>"; };
		F54497C2A677439FA4A24080 /* libRNVectorIcons.a */ = {isa = PBXFileReference; explicitFileType = undefined; fileEncoding = 9; includeInIndex = 0; lastKnownFileType = archive.ar; path = libRNVectorIcons.a; sourceTree = "<group>"; };
		F58F8EA8E0C547F3B20E184E /* Octicons.ttf */ = {isa = PBXFileReference; explicitFileType = undefined; fileEncoding = 9; includeInIndex = 0; lastKnownFileType = unknown; name = Octicons.ttf; path = "../node_modules/react-native-vector-icons/Fonts/Octicons.ttf"; sourceTree = "<group>"; };
		F9250F62E12A4608A3B82587 /* libBVLinearGradient.a */ = {isa = PBXFileReference; explicitFileType = undefined; fileEncoding = 9; includeInIndex = 0; lastKnownFileType = archive.ar; path = libBVLinearGradient.a; sourceTree = "<group>"; };
/* End PBXFileReference section */

/* Begin PBXFrameworksBuildPhase section */
		00E356EB1AD99517003FC87E /* Frameworks */ = {
			isa = PBXFrameworksBuildPhase;
			buildActionMask = 2147483647;
			files = (
				140ED2AC1D01E1AD002B40FF /* libReact.a in Frameworks */,
			);
			runOnlyForDeploymentPostprocessing = 0;
		};
		13B07F8C1A680F5B00A75B9A /* Frameworks */ = {
			isa = PBXFrameworksBuildPhase;
			buildActionMask = 2147483647;
			files = (
				EC7263711DC6AF2500D826D6 /* QBImagePicker.framework in Frameworks */,
				EC7263781DC6B78800D826D6 /* RSKImageCropper.framework in Frameworks */,
				EC486AFC1DB9EE7500FC177A /* libART.a in Frameworks */,
				EC3540201DB94BA6000DC2EF /* libsqlite3.0.tbd in Frameworks */,
				EC7DD7221DC0110F00D34C12 /* libRNQuickAction.a in Frameworks */,
				EC35401E1DB94B9D000DC2EF /* libz.tbd in Frameworks */,
				EC35401C1DB94B92000DC2EF /* SystemConfiguration.framework in Frameworks */,
				EC35401A1DB94B89000DC2EF /* CoreData.framework in Frameworks */,
				EC7262C41DC5BDC500D826D6 /* libRCTPushNotification.a in Frameworks */,
				146834051AC3E58100842450 /* libReact.a in Frameworks */,
				00C302E51ABCBA2D00DB3ED1 /* libRCTActionSheet.a in Frameworks */,
				00C302E71ABCBA2D00DB3ED1 /* libRCTGeolocation.a in Frameworks */,
				00C302E81ABCBA2D00DB3ED1 /* libRCTImage.a in Frameworks */,
				133E29F31AD74F7200F7D852 /* libRCTLinking.a in Frameworks */,
				00C302E91ABCBA2D00DB3ED1 /* libRCTNetwork.a in Frameworks */,
				139105C61AF99C1200B5F7CC /* libRCTSettings.a in Frameworks */,
				832341BD1AAA6AB300B99B32 /* libRCTText.a in Frameworks */,
				00C302EA1ABCBA2D00DB3ED1 /* libRCTVibration.a in Frameworks */,
				139FDEF61B0652A700C62182 /* libRCTWebSocket.a in Frameworks */,
				9F8340874E14445EB83C4520 /* libRCTGoogleAnalyticsBridge.a in Frameworks */,
				1B00503A74E34A00ACFF841C /* libRNI18n.a in Frameworks */,
				4EF51B2A16F2449187CE165F /* libRNVectorIcons.a in Frameworks */,
				1B8670F84F17434B9E21F2F9 /* libRCTCamera.a in Frameworks */,
				00DDB62BB6494F17BDC7660A /* libRNSpinkit.a in Frameworks */,
				A0B870630A2A4BAD944F47AE /* libRCTVideo.a in Frameworks */,
				59733EE5AEEF463591B1FD5C /* libRNDeviceInfo.a in Frameworks */,
				626564533D154AFF8FAC1373 /* libimageCropPicker.a in Frameworks */,
				35DF67F236624B70B1A7D2F7 /* libRNImagePicker.a in Frameworks */,
				E7BB4736599342BD958C6168 /* libBVLinearGradient.a in Frameworks */,
				9B12FD2FBFC644A5B951984A /* libRNLocation.a in Frameworks */,
				E8FC0A8C58D04CC4B95B18A1 /* libRNGeocoder.a in Frameworks */,
			);
			runOnlyForDeploymentPostprocessing = 0;
		};
/* End PBXFrameworksBuildPhase section */

/* Begin PBXGroup section */
		00C302A81ABCB8CE00DB3ED1 /* Products */ = {
			isa = PBXGroup;
			children = (
				00C302AC1ABCB8CE00DB3ED1 /* libRCTActionSheet.a */,
			);
			name = Products;
			sourceTree = "<group>";
		};
		00C302B61ABCB90400DB3ED1 /* Products */ = {
			isa = PBXGroup;
			children = (
				00C302BA1ABCB90400DB3ED1 /* libRCTGeolocation.a */,
			);
			name = Products;
			sourceTree = "<group>";
		};
		00C302BC1ABCB91800DB3ED1 /* Products */ = {
			isa = PBXGroup;
			children = (
				00C302C01ABCB91800DB3ED1 /* libRCTImage.a */,
			);
			name = Products;
			sourceTree = "<group>";
		};
		00C302D41ABCB9D200DB3ED1 /* Products */ = {
			isa = PBXGroup;
			children = (
				00C302DC1ABCB9D200DB3ED1 /* libRCTNetwork.a */,
			);
			name = Products;
			sourceTree = "<group>";
		};
		00C302E01ABCB9EE00DB3ED1 /* Products */ = {
			isa = PBXGroup;
			children = (
				00C302E41ABCB9EE00DB3ED1 /* libRCTVibration.a */,
			);
			name = Products;
			sourceTree = "<group>";
		};
		00E356EF1AD99517003FC87E /* CoreEventTests */ = {
			isa = PBXGroup;
			children = (
				00E356F21AD99517003FC87E /* CoreEventTests.m */,
				00E356F01AD99517003FC87E /* Supporting Files */,
			);
			path = CoreEventTests;
			sourceTree = "<group>";
		};
		00E356F01AD99517003FC87E /* Supporting Files */ = {
			isa = PBXGroup;
			children = (
				00E356F11AD99517003FC87E /* Info.plist */,
			);
			name = "Supporting Files";
			sourceTree = "<group>";
		};
		139105B71AF99BAD00B5F7CC /* Products */ = {
			isa = PBXGroup;
			children = (
				139105C11AF99BAD00B5F7CC /* libRCTSettings.a */,
			);
			name = Products;
			sourceTree = "<group>";
		};
		139FDEE71B06529A00C62182 /* Products */ = {
			isa = PBXGroup;
			children = (
				139FDEF41B06529B00C62182 /* libRCTWebSocket.a */,
			);
			name = Products;
			sourceTree = "<group>";
		};
		13B07FAE1A68108700A75B9A /* CoreEvent */ = {
			isa = PBXGroup;
			children = (
				EC3540491DB95BD4000DC2EF /* CoreEvent.entitlements */,
				008F07F21AC5B25A0029DE68 /* main.jsbundle */,
				13B07FAF1A68108700A75B9A /* AppDelegate.h */,
				13B07FB01A68108700A75B9A /* AppDelegate.m */,
				13B07FB51A68108700A75B9A /* Images.xcassets */,
				13B07FB61A68108700A75B9A /* Info.plist */,
				13B07FB11A68108700A75B9A /* LaunchScreen.xib */,
				13B07FB71A68108700A75B9A /* main.m */,
			);
			name = CoreEvent;
			sourceTree = "<group>";
		};
		146834001AC3E56700842450 /* Products */ = {
			isa = PBXGroup;
			children = (
				146834041AC3E56700842450 /* libReact.a */,
			);
			name = Products;
			sourceTree = "<group>";
		};
		78C398B11ACF4ADC00677621 /* Products */ = {
			isa = PBXGroup;
			children = (
				78C398B91ACF4ADC00677621 /* libRCTLinking.a */,
			);
			name = Products;
			sourceTree = "<group>";
		};
		832341AE1AAA6A7D00B99B32 /* Libraries */ = {
			isa = PBXGroup;
			children = (
				EC72636A1DC6AF1900D826D6 /* QBImagePicker.xcodeproj */,
				EC7263631DC6AF0D00D826D6 /* RSKImageCropper.xcodeproj */,
				EC7262BE1DC5BDB400D826D6 /* RCTPushNotification.xcodeproj */,
				EC7DD70B1DC010F800D34C12 /* RNQuickAction.xcodeproj */,
				EC486AE81DB9EE6B00FC177A /* ART.xcodeproj */,
				146833FF1AC3E56700842450 /* React.xcodeproj */,
				00C302A71ABCB8CE00DB3ED1 /* RCTActionSheet.xcodeproj */,
				00C302B51ABCB90400DB3ED1 /* RCTGeolocation.xcodeproj */,
				00C302BB1ABCB91800DB3ED1 /* RCTImage.xcodeproj */,
				78C398B01ACF4ADC00677621 /* RCTLinking.xcodeproj */,
				00C302D31ABCB9D200DB3ED1 /* RCTNetwork.xcodeproj */,
				139105B61AF99BAD00B5F7CC /* RCTSettings.xcodeproj */,
				832341B01AAA6A8300B99B32 /* RCTText.xcodeproj */,
				00C302DF1ABCB9EE00DB3ED1 /* RCTVibration.xcodeproj */,
				139FDEE61B06529A00C62182 /* RCTWebSocket.xcodeproj */,
				9E9F8CF4FA3E43849F40D516 /* RCTGoogleAnalyticsBridge.xcodeproj */,
				AEF1FE52D5684E3E92B359F3 /* RNI18n.xcodeproj */,
				62811B4A5EB344CDBA457C2F /* RNVectorIcons.xcodeproj */,
				C9DB10884ABC4A81AF59932E /* RCTCamera.xcodeproj */,
				B80DD6F2B6C1454FBAFD6106 /* RNSpinkit.xcodeproj */,
				9A1066ECA7C04D198579E3B6 /* RCTVideo.xcodeproj */,
				2189A4CF4BE842959C059479 /* RNDeviceInfo.xcodeproj */,
				719A474719B147D4BB404778 /* ImageCropPicker.xcodeproj */,
				34711E653C8D497284B81DF1 /* RNImagePicker.xcodeproj */,
				18C79638990249EA995C6C63 /* BVLinearGradient.xcodeproj */,
				834D3A011E5A4F868336CB75 /* RNLocation.xcodeproj */,
				A56BE4FC1CB54826AC937C82 /* RNGeocoder.xcodeproj */,
			);
			name = Libraries;
			sourceTree = "<group>";
		};
		832341B11AAA6A8300B99B32 /* Products */ = {
			isa = PBXGroup;
			children = (
				832341B51AAA6A8300B99B32 /* libRCTText.a */,
			);
			name = Products;
			sourceTree = "<group>";
		};
		83CBB9F61A601CBA00E9B192 = {
			isa = PBXGroup;
			children = (
				13B07FAE1A68108700A75B9A /* CoreEvent */,
				832341AE1AAA6A7D00B99B32 /* Libraries */,
				00E356EF1AD99517003FC87E /* CoreEventTests */,
				83CBBA001A601CBA00E9B192 /* Products */,
				F9645A70E8734EB1BE2B8A75 /* Resources */,
				EC3540181DB94B89000DC2EF /* Frameworks */,
			);
			indentWidth = 2;
			sourceTree = "<group>";
			tabWidth = 2;
		};
		83CBBA001A601CBA00E9B192 /* Products */ = {
			isa = PBXGroup;
			children = (
				13B07F961A680F5B00A75B9A /* CoreEvent.app */,
				00E356EE1AD99517003FC87E /* CoreEventTests.xctest */,
			);
			name = Products;
			sourceTree = "<group>";
		};
		EC3295E91DC3090F007A2F67 /* Products */ = {
			isa = PBXGroup;
			children = (
				EC3295F81DC30910007A2F67 /* libRCTVideo.a */,
			);
			name = Products;
			sourceTree = "<group>";
		};
		EC353FFC1DB94ADD000DC2EF /* Products */ = {
			isa = PBXGroup;
			children = (
				EC3540021DB94ADD000DC2EF /* libRCTGoogleAnalyticsBridge.a */,
			);
			name = Products;
			sourceTree = "<group>";
		};
		EC35400B1DB94ADD000DC2EF /* Products */ = {
			isa = PBXGroup;
			children = (
				EC3540121DB94ADD000DC2EF /* libRNI18n.a */,
				EC3540141DB94ADD000DC2EF /* RNI18nTests.xctest */,
			);
			name = Products;
			sourceTree = "<group>";
		};
		EC35400D1DB94ADD000DC2EF /* Products */ = {
			isa = PBXGroup;
			children = (
				EC3540171DB94ADD000DC2EF /* libRNVectorIcons.a */,
			);
			name = Products;
			sourceTree = "<group>";
		};
		EC3540181DB94B89000DC2EF /* Frameworks */ = {
			isa = PBXGroup;
			children = (
				EC35401F1DB94BA6000DC2EF /* libsqlite3.0.tbd */,
				EC35401D1DB94B9D000DC2EF /* libz.tbd */,
				EC35401B1DB94B92000DC2EF /* SystemConfiguration.framework */,
				EC3540191DB94B89000DC2EF /* CoreData.framework */,
			);
			name = Frameworks;
			sourceTree = "<group>";
		};
		EC486AE91DB9EE6B00FC177A /* Products */ = {
			isa = PBXGroup;
			children = (
				EC486AED1DB9EE6B00FC177A /* libART.a */,
			);
			name = Products;
			sourceTree = "<group>";
		};
		EC486B0B1DBAA2EC00FC177A /* Products */ = {
			isa = PBXGroup;
			children = (
				EC486B111DBAA2EC00FC177A /* libRCTCamera.a */,
			);
			name = Products;
			sourceTree = "<group>";
		};
		EC486B2E1DBD4B7C00FC177A /* Products */ = {
			isa = PBXGroup;
			children = (
				EC486B411DBD4B7C00FC177A /* libRNSpinkit.a */,
			);
			name = Products;
			sourceTree = "<group>";
		};
		EC7262BF1DC5BDB400D826D6 /* Products */ = {
			isa = PBXGroup;
			children = (
				EC7262C31DC5BDB400D826D6 /* libRCTPushNotification.a */,
			);
			name = Products;
			sourceTree = "<group>";
		};
		EC7262D81DC67B7900D826D6 /* Products */ = {
			isa = PBXGroup;
			children = (
				EC7262EB1DC67B7900D826D6 /* libRNDeviceInfo.a */,
			);
			name = Products;
			sourceTree = "<group>";
		};
		EC7263491DC6AEA700D826D6 /* Products */ = {
			isa = PBXGroup;
			children = (
				EC72634E1DC6AEA700D826D6 /* libimageCropPicker.a */,
			);
			name = Products;
			sourceTree = "<group>";
		};
		EC7263641DC6AF0D00D826D6 /* Products */ = {
			isa = PBXGroup;
			children = (
				EC7263691DC6AF0D00D826D6 /* RSKImageCropper.framework */,
			);
			name = Products;
			sourceTree = "<group>";
		};
		EC72636B1DC6AF1900D826D6 /* Products */ = {
			isa = PBXGroup;
			children = (
				EC7263701DC6AF1900D826D6 /* QBImagePicker.framework */,
			);
			name = Products;
			sourceTree = "<group>";
		};
		EC7263951DC6DBB700D826D6 /* Products */ = {
			isa = PBXGroup;
			children = (
				EC7263B21DC6DBB700D826D6 /* libRNImagePicker.a */,
			);
			name = Products;
			sourceTree = "<group>";
		};
		EC7263971DC6DBB700D826D6 /* Products */ = {
			isa = PBXGroup;
			children = (
				EC72639C1DC6DBB700D826D6 /* libBVLinearGradient.a */,
			);
			name = Products;
			sourceTree = "<group>";
		};
		EC7DD70C1DC010F800D34C12 /* Products */ = {
			isa = PBXGroup;
			children = (
				EC7DD71F1DC010F800D34C12 /* libRNQuickAction.a */,
			);
			name = Products;
			sourceTree = "<group>";
		};
		ECC3B51A1DCBEB2F003B4807 /* Products */ = {
			isa = PBXGroup;
			children = (
				ECC3B5341DCBEB2F003B4807 /* libRNLocation.a */,
			);
			name = Products;
			sourceTree = "<group>";
		};
		ECC3B5731DCBF489003B4807 /* Products */ = {
			isa = PBXGroup;
			children = (
				ECC3B58A1DCBF489003B4807 /* libRNGeocoder.a */,
			);
			name = Products;
			sourceTree = "<group>";
		};
		F9645A70E8734EB1BE2B8A75 /* Resources */ = {
			isa = PBXGroup;
			children = (
				EC8A51EC1DB9A48F0098F194 /* Lato-Black.ttf */,
				EC8A51ED1DB9A48F0098F194 /* Lato-BlackItalic.ttf */,
				EC8A51EE1DB9A48F0098F194 /* Lato-Bold.ttf */,
				EC8A51EF1DB9A48F0098F194 /* Lato-BoldItalic.ttf */,
				EC8A51F01DB9A48F0098F194 /* Lato-Hairline.ttf */,
				EC8A51F11DB9A48F0098F194 /* Lato-HairlineItalic.ttf */,
				EC8A51F21DB9A48F0098F194 /* Lato-Italic.ttf */,
				EC8A51F31DB9A48F0098F194 /* Lato-Light.ttf */,
				EC8A51F41DB9A48F0098F194 /* Lato-LightItalic.ttf */,
				EC8A51F51DB9A48F0098F194 /* Lato-Regular.ttf */,
				EC8A51D61DB9A2E00098F194 /* NotoSans-Bold.ttf */,
				EC8A51D71DB9A2E00098F194 /* NotoSans-BoldItalic.ttf */,
				EC8A51D81DB9A2E00098F194 /* NotoSans-Italic.ttf */,
				EC8A51D91DB9A2E00098F194 /* NotoSans-Regular.ttf */,
				9051100C2A764AA5B4B2F4D6 /* Entypo.ttf */,
				1C0AE7C24C6C4845B9C86551 /* EvilIcons.ttf */,
				5A3A3F9E8EB5436C90A8BD2D /* FontAwesome.ttf */,
				45B89379D6C34B508D81AE0C /* Foundation.ttf */,
				AEDA200F5A8C4AF593948399 /* Ionicons.ttf */,
				59CFC9E88E8C450DBDD41ACF /* MaterialIcons.ttf */,
				F58F8EA8E0C547F3B20E184E /* Octicons.ttf */,
				844CC8DD537E4681868EA9E0 /* Zocial.ttf */,
			);
			name = Resources;
			sourceTree = "<group>";
		};
/* End PBXGroup section */

/* Begin PBXNativeTarget section */
		00E356ED1AD99517003FC87E /* CoreEventTests */ = {
			isa = PBXNativeTarget;
			buildConfigurationList = 00E357021AD99517003FC87E /* Build configuration list for PBXNativeTarget "CoreEventTests" */;
			buildPhases = (
				00E356EA1AD99517003FC87E /* Sources */,
				00E356EB1AD99517003FC87E /* Frameworks */,
				00E356EC1AD99517003FC87E /* Resources */,
			);
			buildRules = (
			);
			dependencies = (
				00E356F51AD99517003FC87E /* PBXTargetDependency */,
			);
			name = CoreEventTests;
			productName = CoreEventTests;
			productReference = 00E356EE1AD99517003FC87E /* CoreEventTests.xctest */;
			productType = "com.apple.product-type.bundle.unit-test";
		};
		13B07F861A680F5B00A75B9A /* CoreEvent */ = {
			isa = PBXNativeTarget;
			buildConfigurationList = 13B07F931A680F5B00A75B9A /* Build configuration list for PBXNativeTarget "CoreEvent" */;
			buildPhases = (
				13B07F871A680F5B00A75B9A /* Sources */,
				13B07F8C1A680F5B00A75B9A /* Frameworks */,
				13B07F8E1A680F5B00A75B9A /* Resources */,
				00DD1BFF1BD5951E006B06BC /* Bundle React Native code and images */,
				EC7263771DC6B77F00D826D6 /* Embed Frameworks */,
			);
			buildRules = (
			);
			dependencies = (
				EC7263761DC6B77F00D826D6 /* PBXTargetDependency */,
				EC72637B1DC6B78800D826D6 /* PBXTargetDependency */,
			);
			name = CoreEvent;
			productName = "Hello World";
			productReference = 13B07F961A680F5B00A75B9A /* CoreEvent.app */;
			productType = "com.apple.product-type.application";
		};
/* End PBXNativeTarget section */

/* Begin PBXProject section */
		83CBB9F71A601CBA00E9B192 /* Project object */ = {
			isa = PBXProject;
			attributes = {
				LastUpgradeCheck = 610;
				ORGANIZATIONNAME = Facebook;
				TargetAttributes = {
					00E356ED1AD99517003FC87E = {
						CreatedOnToolsVersion = 6.2;
						TestTargetID = 13B07F861A680F5B00A75B9A;
					};
					13B07F861A680F5B00A75B9A = {
						DevelopmentTeam = K2836994RD;
						SystemCapabilities = {
							com.apple.BackgroundModes = {
								enabled = 1;
							};
							com.apple.Push = {
								enabled = 1;
							};
						};
					};
				};
			};
			buildConfigurationList = 83CBB9FA1A601CBA00E9B192 /* Build configuration list for PBXProject "CoreEvent" */;
			compatibilityVersion = "Xcode 3.2";
			developmentRegion = English;
			hasScannedForEncodings = 0;
			knownRegions = (
				en,
				Base,
			);
			mainGroup = 83CBB9F61A601CBA00E9B192;
			productRefGroup = 83CBBA001A601CBA00E9B192 /* Products */;
			projectDirPath = "";
			projectReferences = (
				{
					ProductGroup = EC486AE91DB9EE6B00FC177A /* Products */;
					ProjectRef = EC486AE81DB9EE6B00FC177A /* ART.xcodeproj */;
				},
				{
					ProductGroup = EC7263971DC6DBB700D826D6 /* Products */;
					ProjectRef = 18C79638990249EA995C6C63 /* BVLinearGradient.xcodeproj */;
				},
				{
					ProductGroup = EC7263491DC6AEA700D826D6 /* Products */;
					ProjectRef = 719A474719B147D4BB404778 /* ImageCropPicker.xcodeproj */;
				},
				{
					ProductGroup = EC72636B1DC6AF1900D826D6 /* Products */;
					ProjectRef = EC72636A1DC6AF1900D826D6 /* QBImagePicker.xcodeproj */;
				},
				{
					ProductGroup = 00C302A81ABCB8CE00DB3ED1 /* Products */;
					ProjectRef = 00C302A71ABCB8CE00DB3ED1 /* RCTActionSheet.xcodeproj */;
				},
				{
					ProductGroup = EC486B0B1DBAA2EC00FC177A /* Products */;
					ProjectRef = C9DB10884ABC4A81AF59932E /* RCTCamera.xcodeproj */;
				},
				{
					ProductGroup = 00C302B61ABCB90400DB3ED1 /* Products */;
					ProjectRef = 00C302B51ABCB90400DB3ED1 /* RCTGeolocation.xcodeproj */;
				},
				{
					ProductGroup = EC353FFC1DB94ADD000DC2EF /* Products */;
					ProjectRef = 9E9F8CF4FA3E43849F40D516 /* RCTGoogleAnalyticsBridge.xcodeproj */;
				},
				{
					ProductGroup = 00C302BC1ABCB91800DB3ED1 /* Products */;
					ProjectRef = 00C302BB1ABCB91800DB3ED1 /* RCTImage.xcodeproj */;
				},
				{
					ProductGroup = 78C398B11ACF4ADC00677621 /* Products */;
					ProjectRef = 78C398B01ACF4ADC00677621 /* RCTLinking.xcodeproj */;
				},
				{
					ProductGroup = 00C302D41ABCB9D200DB3ED1 /* Products */;
					ProjectRef = 00C302D31ABCB9D200DB3ED1 /* RCTNetwork.xcodeproj */;
				},
				{
					ProductGroup = EC7262BF1DC5BDB400D826D6 /* Products */;
					ProjectRef = EC7262BE1DC5BDB400D826D6 /* RCTPushNotification.xcodeproj */;
				},
				{
					ProductGroup = 139105B71AF99BAD00B5F7CC /* Products */;
					ProjectRef = 139105B61AF99BAD00B5F7CC /* RCTSettings.xcodeproj */;
				},
				{
					ProductGroup = 832341B11AAA6A8300B99B32 /* Products */;
					ProjectRef = 832341B01AAA6A8300B99B32 /* RCTText.xcodeproj */;
				},
				{
					ProductGroup = 00C302E01ABCB9EE00DB3ED1 /* Products */;
					ProjectRef = 00C302DF1ABCB9EE00DB3ED1 /* RCTVibration.xcodeproj */;
				},
				{
					ProductGroup = EC3295E91DC3090F007A2F67 /* Products */;
					ProjectRef = 9A1066ECA7C04D198579E3B6 /* RCTVideo.xcodeproj */;
				},
				{
					ProductGroup = 139FDEE71B06529A00C62182 /* Products */;
					ProjectRef = 139FDEE61B06529A00C62182 /* RCTWebSocket.xcodeproj */;
				},
				{
					ProductGroup = 146834001AC3E56700842450 /* Products */;
					ProjectRef = 146833FF1AC3E56700842450 /* React.xcodeproj */;
				},
				{
					ProductGroup = EC7262D81DC67B7900D826D6 /* Products */;
					ProjectRef = 2189A4CF4BE842959C059479 /* RNDeviceInfo.xcodeproj */;
				},
				{
					ProductGroup = ECC3B5731DCBF489003B4807 /* Products */;
					ProjectRef = A56BE4FC1CB54826AC937C82 /* RNGeocoder.xcodeproj */;
				},
				{
					ProductGroup = EC35400B1DB94ADD000DC2EF /* Products */;
					ProjectRef = AEF1FE52D5684E3E92B359F3 /* RNI18n.xcodeproj */;
				},
				{
					ProductGroup = EC7263951DC6DBB700D826D6 /* Products */;
					ProjectRef = 34711E653C8D497284B81DF1 /* RNImagePicker.xcodeproj */;
				},
				{
					ProductGroup = ECC3B51A1DCBEB2F003B4807 /* Products */;
					ProjectRef = 834D3A011E5A4F868336CB75 /* RNLocation.xcodeproj */;
				},
				{
					ProductGroup = EC7DD70C1DC010F800D34C12 /* Products */;
					ProjectRef = EC7DD70B1DC010F800D34C12 /* RNQuickAction.xcodeproj */;
				},
				{
					ProductGroup = EC486B2E1DBD4B7C00FC177A /* Products */;
					ProjectRef = B80DD6F2B6C1454FBAFD6106 /* RNSpinkit.xcodeproj */;
				},
				{
					ProductGroup = EC35400D1DB94ADD000DC2EF /* Products */;
					ProjectRef = 62811B4A5EB344CDBA457C2F /* RNVectorIcons.xcodeproj */;
				},
				{
					ProductGroup = EC7263641DC6AF0D00D826D6 /* Products */;
					ProjectRef = EC7263631DC6AF0D00D826D6 /* RSKImageCropper.xcodeproj */;
				},
			);
			projectRoot = "";
			targets = (
				13B07F861A680F5B00A75B9A /* CoreEvent */,
				00E356ED1AD99517003FC87E /* CoreEventTests */,
			);
		};
/* End PBXProject section */

/* Begin PBXReferenceProxy section */
		00C302AC1ABCB8CE00DB3ED1 /* libRCTActionSheet.a */ = {
			isa = PBXReferenceProxy;
			fileType = archive.ar;
			path = libRCTActionSheet.a;
			remoteRef = 00C302AB1ABCB8CE00DB3ED1 /* PBXContainerItemProxy */;
			sourceTree = BUILT_PRODUCTS_DIR;
		};
		00C302BA1ABCB90400DB3ED1 /* libRCTGeolocation.a */ = {
			isa = PBXReferenceProxy;
			fileType = archive.ar;
			path = libRCTGeolocation.a;
			remoteRef = 00C302B91ABCB90400DB3ED1 /* PBXContainerItemProxy */;
			sourceTree = BUILT_PRODUCTS_DIR;
		};
		00C302C01ABCB91800DB3ED1 /* libRCTImage.a */ = {
			isa = PBXReferenceProxy;
			fileType = archive.ar;
			path = libRCTImage.a;
			remoteRef = 00C302BF1ABCB91800DB3ED1 /* PBXContainerItemProxy */;
			sourceTree = BUILT_PRODUCTS_DIR;
		};
		00C302DC1ABCB9D200DB3ED1 /* libRCTNetwork.a */ = {
			isa = PBXReferenceProxy;
			fileType = archive.ar;
			path = libRCTNetwork.a;
			remoteRef = 00C302DB1ABCB9D200DB3ED1 /* PBXContainerItemProxy */;
			sourceTree = BUILT_PRODUCTS_DIR;
		};
		00C302E41ABCB9EE00DB3ED1 /* libRCTVibration.a */ = {
			isa = PBXReferenceProxy;
			fileType = archive.ar;
			path = libRCTVibration.a;
			remoteRef = 00C302E31ABCB9EE00DB3ED1 /* PBXContainerItemProxy */;
			sourceTree = BUILT_PRODUCTS_DIR;
		};
		139105C11AF99BAD00B5F7CC /* libRCTSettings.a */ = {
			isa = PBXReferenceProxy;
			fileType = archive.ar;
			path = libRCTSettings.a;
			remoteRef = 139105C01AF99BAD00B5F7CC /* PBXContainerItemProxy */;
			sourceTree = BUILT_PRODUCTS_DIR;
		};
		139FDEF41B06529B00C62182 /* libRCTWebSocket.a */ = {
			isa = PBXReferenceProxy;
			fileType = archive.ar;
			path = libRCTWebSocket.a;
			remoteRef = 139FDEF31B06529B00C62182 /* PBXContainerItemProxy */;
			sourceTree = BUILT_PRODUCTS_DIR;
		};
		146834041AC3E56700842450 /* libReact.a */ = {
			isa = PBXReferenceProxy;
			fileType = archive.ar;
			path = libReact.a;
			remoteRef = 146834031AC3E56700842450 /* PBXContainerItemProxy */;
			sourceTree = BUILT_PRODUCTS_DIR;
		};
		78C398B91ACF4ADC00677621 /* libRCTLinking.a */ = {
			isa = PBXReferenceProxy;
			fileType = archive.ar;
			path = libRCTLinking.a;
			remoteRef = 78C398B81ACF4ADC00677621 /* PBXContainerItemProxy */;
			sourceTree = BUILT_PRODUCTS_DIR;
		};
		832341B51AAA6A8300B99B32 /* libRCTText.a */ = {
			isa = PBXReferenceProxy;
			fileType = archive.ar;
			path = libRCTText.a;
			remoteRef = 832341B41AAA6A8300B99B32 /* PBXContainerItemProxy */;
			sourceTree = BUILT_PRODUCTS_DIR;
		};
		EC3295F81DC30910007A2F67 /* libRCTVideo.a */ = {
			isa = PBXReferenceProxy;
			fileType = archive.ar;
			path = libRCTVideo.a;
			remoteRef = EC3295F71DC30910007A2F67 /* PBXContainerItemProxy */;
			sourceTree = BUILT_PRODUCTS_DIR;
		};
		EC3540021DB94ADD000DC2EF /* libRCTGoogleAnalyticsBridge.a */ = {
			isa = PBXReferenceProxy;
			fileType = archive.ar;
			path = libRCTGoogleAnalyticsBridge.a;
			remoteRef = EC3540011DB94ADD000DC2EF /* PBXContainerItemProxy */;
			sourceTree = BUILT_PRODUCTS_DIR;
		};
		EC3540121DB94ADD000DC2EF /* libRNI18n.a */ = {
			isa = PBXReferenceProxy;
			fileType = archive.ar;
			path = libRNI18n.a;
			remoteRef = EC3540111DB94ADD000DC2EF /* PBXContainerItemProxy */;
			sourceTree = BUILT_PRODUCTS_DIR;
		};
		EC3540141DB94ADD000DC2EF /* RNI18nTests.xctest */ = {
			isa = PBXReferenceProxy;
			fileType = wrapper.cfbundle;
			path = RNI18nTests.xctest;
			remoteRef = EC3540131DB94ADD000DC2EF /* PBXContainerItemProxy */;
			sourceTree = BUILT_PRODUCTS_DIR;
		};
		EC3540171DB94ADD000DC2EF /* libRNVectorIcons.a */ = {
			isa = PBXReferenceProxy;
			fileType = archive.ar;
			path = libRNVectorIcons.a;
			remoteRef = EC3540161DB94ADD000DC2EF /* PBXContainerItemProxy */;
			sourceTree = BUILT_PRODUCTS_DIR;
		};
		EC486AED1DB9EE6B00FC177A /* libART.a */ = {
			isa = PBXReferenceProxy;
			fileType = archive.ar;
			path = libART.a;
			remoteRef = EC486AEC1DB9EE6B00FC177A /* PBXContainerItemProxy */;
			sourceTree = BUILT_PRODUCTS_DIR;
		};
		EC486B111DBAA2EC00FC177A /* libRCTCamera.a */ = {
			isa = PBXReferenceProxy;
			fileType = archive.ar;
			path = libRCTCamera.a;
			remoteRef = EC486B101DBAA2EC00FC177A /* PBXContainerItemProxy */;
			sourceTree = BUILT_PRODUCTS_DIR;
		};
		EC486B411DBD4B7C00FC177A /* libRNSpinkit.a */ = {
			isa = PBXReferenceProxy;
			fileType = archive.ar;
			path = libRNSpinkit.a;
			remoteRef = EC486B401DBD4B7C00FC177A /* PBXContainerItemProxy */;
			sourceTree = BUILT_PRODUCTS_DIR;
		};
		EC7262C31DC5BDB400D826D6 /* libRCTPushNotification.a */ = {
			isa = PBXReferenceProxy;
			fileType = archive.ar;
			path = libRCTPushNotification.a;
			remoteRef = EC7262C21DC5BDB400D826D6 /* PBXContainerItemProxy */;
			sourceTree = BUILT_PRODUCTS_DIR;
		};
		EC7262EB1DC67B7900D826D6 /* libRNDeviceInfo.a */ = {
			isa = PBXReferenceProxy;
			fileType = archive.ar;
			path = libRNDeviceInfo.a;
			remoteRef = EC7262EA1DC67B7900D826D6 /* PBXContainerItemProxy */;
			sourceTree = BUILT_PRODUCTS_DIR;
		};
		EC72634E1DC6AEA700D826D6 /* libimageCropPicker.a */ = {
			isa = PBXReferenceProxy;
			fileType = archive.ar;
			path = libimageCropPicker.a;
			remoteRef = EC72634D1DC6AEA700D826D6 /* PBXContainerItemProxy */;
			sourceTree = BUILT_PRODUCTS_DIR;
		};
		EC7263691DC6AF0D00D826D6 /* RSKImageCropper.framework */ = {
			isa = PBXReferenceProxy;
			fileType = wrapper.framework;
			path = RSKImageCropper.framework;
			remoteRef = EC7263681DC6AF0D00D826D6 /* PBXContainerItemProxy */;
			sourceTree = BUILT_PRODUCTS_DIR;
		};
		EC7263701DC6AF1900D826D6 /* QBImagePicker.framework */ = {
			isa = PBXReferenceProxy;
			fileType = wrapper.framework;
			path = QBImagePicker.framework;
			remoteRef = EC72636F1DC6AF1900D826D6 /* PBXContainerItemProxy */;
			sourceTree = BUILT_PRODUCTS_DIR;
		};
		EC72639C1DC6DBB700D826D6 /* libBVLinearGradient.a */ = {
			isa = PBXReferenceProxy;
			fileType = archive.ar;
			path = libBVLinearGradient.a;
			remoteRef = EC72639B1DC6DBB700D826D6 /* PBXContainerItemProxy */;
			sourceTree = BUILT_PRODUCTS_DIR;
		};
		EC7263B21DC6DBB700D826D6 /* libRNImagePicker.a */ = {
			isa = PBXReferenceProxy;
			fileType = archive.ar;
			path = libRNImagePicker.a;
			remoteRef = EC7263B11DC6DBB700D826D6 /* PBXContainerItemProxy */;
			sourceTree = BUILT_PRODUCTS_DIR;
		};
		EC7DD71F1DC010F800D34C12 /* libRNQuickAction.a */ = {
			isa = PBXReferenceProxy;
			fileType = archive.ar;
			path = libRNQuickAction.a;
			remoteRef = EC7DD71E1DC010F800D34C12 /* PBXContainerItemProxy */;
			sourceTree = BUILT_PRODUCTS_DIR;
		};
		ECC3B5341DCBEB2F003B4807 /* libRNLocation.a */ = {
			isa = PBXReferenceProxy;
			fileType = archive.ar;
			path = libRNLocation.a;
			remoteRef = ECC3B5331DCBEB2F003B4807 /* PBXContainerItemProxy */;
			sourceTree = BUILT_PRODUCTS_DIR;
		};
		ECC3B58A1DCBF489003B4807 /* libRNGeocoder.a */ = {
			isa = PBXReferenceProxy;
			fileType = archive.ar;
			path = libRNGeocoder.a;
			remoteRef = ECC3B5891DCBF489003B4807 /* PBXContainerItemProxy */;
			sourceTree = BUILT_PRODUCTS_DIR;
		};
/* End PBXReferenceProxy section */

/* Begin PBXResourcesBuildPhase section */
		00E356EC1AD99517003FC87E /* Resources */ = {
			isa = PBXResourcesBuildPhase;
			buildActionMask = 2147483647;
			files = (
			);
			runOnlyForDeploymentPostprocessing = 0;
		};
		13B07F8E1A680F5B00A75B9A /* Resources */ = {
			isa = PBXResourcesBuildPhase;
			buildActionMask = 2147483647;
			files = (
				EC8A51F71DB9A48F0098F194 /* Lato-BlackItalic.ttf in Resources */,
				EC8A51FC1DB9A48F0098F194 /* Lato-Italic.ttf in Resources */,
				EC8A51FA1DB9A48F0098F194 /* Lato-Hairline.ttf in Resources */,
				EC8A51FD1DB9A48F0098F194 /* Lato-Light.ttf in Resources */,
				EC8A51FB1DB9A48F0098F194 /* Lato-HairlineItalic.ttf in Resources */,
				EC8A51DB1DB9A2E00098F194 /* NotoSans-BoldItalic.ttf in Resources */,
				13B07FBF1A68108700A75B9A /* Images.xcassets in Resources */,
				EC8A51F91DB9A48F0098F194 /* Lato-BoldItalic.ttf in Resources */,
				13B07FBD1A68108700A75B9A /* LaunchScreen.xib in Resources */,
				A587758A2D6E4062A37A2728 /* Entypo.ttf in Resources */,
				EC8A51DA1DB9A2E00098F194 /* NotoSans-Bold.ttf in Resources */,
				D79ED637C7D94847837BDC91 /* EvilIcons.ttf in Resources */,
				EC8A51DD1DB9A2E00098F194 /* NotoSans-Regular.ttf in Resources */,
				EC8A51DC1DB9A2E00098F194 /* NotoSans-Italic.ttf in Resources */,
				BA0E2ED07A8C4CCCA81E9195 /* FontAwesome.ttf in Resources */,
				B40A63A28B124680B0CB0B5D /* Foundation.ttf in Resources */,
				EC8A51F81DB9A48F0098F194 /* Lato-Bold.ttf in Resources */,
				AD4124740D574DE5A08CC1A9 /* Ionicons.ttf in Resources */,
				2B4A8194485E4AFD9CEB6C26 /* MaterialIcons.ttf in Resources */,
				EC8A51FF1DB9A48F0098F194 /* Lato-Regular.ttf in Resources */,
				EC8A51FE1DB9A48F0098F194 /* Lato-LightItalic.ttf in Resources */,
				69A8CB9345894C9DA2CC0B61 /* Octicons.ttf in Resources */,
				EC8A51F61DB9A48F0098F194 /* Lato-Black.ttf in Resources */,
				81584C90EE1D4E0280E29BD8 /* Zocial.ttf in Resources */,
			);
			runOnlyForDeploymentPostprocessing = 0;
		};
/* End PBXResourcesBuildPhase section */

/* Begin PBXShellScriptBuildPhase section */
		00DD1BFF1BD5951E006B06BC /* Bundle React Native code and images */ = {
			isa = PBXShellScriptBuildPhase;
			buildActionMask = 2147483647;
			files = (
			);
			inputPaths = (
			);
			name = "Bundle React Native code and images";
			outputPaths = (
			);
			runOnlyForDeploymentPostprocessing = 0;
			shellPath = /bin/sh;
			shellScript = "export NODE_BINARY=node\n../node_modules/react-native/packager/react-native-xcode.sh";
		};
/* End PBXShellScriptBuildPhase section */

/* Begin PBXSourcesBuildPhase section */
		00E356EA1AD99517003FC87E /* Sources */ = {
			isa = PBXSourcesBuildPhase;
			buildActionMask = 2147483647;
			files = (
				00E356F31AD99517003FC87E /* CoreEventTests.m in Sources */,
			);
			runOnlyForDeploymentPostprocessing = 0;
		};
		13B07F871A680F5B00A75B9A /* Sources */ = {
			isa = PBXSourcesBuildPhase;
			buildActionMask = 2147483647;
			files = (
				13B07FBC1A68108700A75B9A /* AppDelegate.m in Sources */,
				13B07FC11A68108700A75B9A /* main.m in Sources */,
			);
			runOnlyForDeploymentPostprocessing = 0;
		};
/* End PBXSourcesBuildPhase section */

/* Begin PBXTargetDependency section */
		00E356F51AD99517003FC87E /* PBXTargetDependency */ = {
			isa = PBXTargetDependency;
			target = 13B07F861A680F5B00A75B9A /* CoreEvent */;
			targetProxy = 00E356F41AD99517003FC87E /* PBXContainerItemProxy */;
		};
		EC7263761DC6B77F00D826D6 /* PBXTargetDependency */ = {
			isa = PBXTargetDependency;
			name = QBImagePicker;
			targetProxy = EC7263751DC6B77F00D826D6 /* PBXContainerItemProxy */;
		};
		EC72637B1DC6B78800D826D6 /* PBXTargetDependency */ = {
			isa = PBXTargetDependency;
			name = RSKImageCropper;
			targetProxy = EC72637A1DC6B78800D826D6 /* PBXContainerItemProxy */;
		};
/* End PBXTargetDependency section */

/* Begin PBXVariantGroup section */
		13B07FB11A68108700A75B9A /* LaunchScreen.xib */ = {
			isa = PBXVariantGroup;
			children = (
				13B07FB21A68108700A75B9A /* Base */,
			);
			name = LaunchScreen.xib;
			path = CoreEvent;
			sourceTree = "<group>";
		};
/* End PBXVariantGroup section */

/* Begin XCBuildConfiguration section */
		00E356F61AD99517003FC87E /* Debug */ = {
			isa = XCBuildConfiguration;
			buildSettings = {
				BUNDLE_LOADER = "$(TEST_HOST)";
				GCC_PREPROCESSOR_DEFINITIONS = (
					"DEBUG=1",
					"$(inherited)",
				);
				INFOPLIST_FILE = CoreEventTests/Info.plist;
				IPHONEOS_DEPLOYMENT_TARGET = 8.0;
				LD_RUNPATH_SEARCH_PATHS = "$(inherited) @executable_path/Frameworks @loader_path/Frameworks";
				LIBRARY_SEARCH_PATHS = (
					"$(inherited)",
					"\"$(SRCROOT)/$(TARGET_NAME)\"",
					"\"$(SRCROOT)/$(TARGET_NAME)\"",
					"\"$(SRCROOT)/$(TARGET_NAME)\"",
					"\"$(SRCROOT)/$(TARGET_NAME)\"",
					"\"$(SRCROOT)/$(TARGET_NAME)\"",
				);
				PRODUCT_NAME = "$(TARGET_NAME)";
				TEST_HOST = "$(BUILT_PRODUCTS_DIR)/CoreEvent.app/CoreEvent";
			};
			name = Debug;
		};
		00E356F71AD99517003FC87E /* Release */ = {
			isa = XCBuildConfiguration;
			buildSettings = {
				BUNDLE_LOADER = "$(TEST_HOST)";
				COPY_PHASE_STRIP = NO;
				INFOPLIST_FILE = CoreEventTests/Info.plist;
				IPHONEOS_DEPLOYMENT_TARGET = 8.0;
				LD_RUNPATH_SEARCH_PATHS = "$(inherited) @executable_path/Frameworks @loader_path/Frameworks";
				LIBRARY_SEARCH_PATHS = (
					"$(inherited)",
					"\"$(SRCROOT)/$(TARGET_NAME)\"",
					"\"$(SRCROOT)/$(TARGET_NAME)\"",
					"\"$(SRCROOT)/$(TARGET_NAME)\"",
					"\"$(SRCROOT)/$(TARGET_NAME)\"",
					"\"$(SRCROOT)/$(TARGET_NAME)\"",
				);
				PRODUCT_NAME = "$(TARGET_NAME)";
				TEST_HOST = "$(BUILT_PRODUCTS_DIR)/CoreEvent.app/CoreEvent";
			};
			name = Release;
		};
		13B07F941A680F5B00A75B9A /* Debug */ = {
			isa = XCBuildConfiguration;
			buildSettings = {
				ASSETCATALOG_COMPILER_APPICON_NAME = AppIcon;
				CODE_SIGN_ENTITLEMENTS = CoreEvent/CoreEvent.entitlements;
				CODE_SIGN_IDENTITY = "iPhone Developer";
				CURRENT_PROJECT_VERSION = 1;
				DEAD_CODE_STRIPPING = NO;
				DEVELOPMENT_TEAM = K2836994RD;
				HEADER_SEARCH_PATHS = (
					"$(inherited)",
					/Applications/Xcode.app/Contents/Developer/Toolchains/XcodeDefault.xctoolchain/usr/include,
					"$(SRCROOT)/../node_modules/react-native/React/**",
					"$(SRCROOT)/../node_modules/react-native-google-analytics-bridge/ios/RCTGoogleAnalyticsBridge/**",
					"$(SRCROOT)/../node_modules/react-native-i18n/RNI18n",
					"$(SRCROOT)/../node_modules/react-native-vector-icons/RNVectorIconsManager",
					"$(SRCROOT)/../node_modules/react-native-camera/ios",
					"$(SRCROOT)/../node_modules/react-native-spinkit/ios/**",
					"$(SRCROOT)/../node_modules/react-native-quick-actions/RNQuickAction/RNQuickAction",
					"$(SRCROOT)/../node_modules/react-native-video",
					"$(SRCROOT)/../node_modules/react-native/Libraries/PushNotificationIOS",
					"$(SRCROOT)/../node_modules/react-native-device-info/RNDeviceInfo",
					"$(SRCROOT)/../node_modules/react-native-image-crop-picker/ios/**",
					"$(SRCROOT)/../node_modules/react-native-image-picker/ios",
					"$(SRCROOT)/../node_modules/react-native-linear-gradient/BVLinearGradient",
					"$(SRCROOT)/../node_modules/react-native-location",
					"$(SRCROOT)/../node_modules/react-native-geocoder/ios/RNGeocoder",
				);
				INFOPLIST_FILE = CoreEvent/Info.plist;
				LD_RUNPATH_SEARCH_PATHS = "$(inherited) @executable_path/Frameworks";
				OTHER_LDFLAGS = (
					"$(inherited)",
					"-ObjC",
					"-lc++",
				);
				PRODUCT_BUNDLE_IDENTIFIER = ca.ricebank.fullguide;
				PRODUCT_NAME = CoreEvent;
				VERSIONING_SYSTEM = "apple-generic";
			};
			name = Debug;
		};
		13B07F951A680F5B00A75B9A /* Release */ = {
			isa = XCBuildConfiguration;
			buildSettings = {
				ASSETCATALOG_COMPILER_APPICON_NAME = AppIcon;
				CODE_SIGN_ENTITLEMENTS = CoreEvent/CoreEvent.entitlements;
				CODE_SIGN_IDENTITY = "iPhone Distribution";
				CURRENT_PROJECT_VERSION = 1;
				DEVELOPMENT_TEAM = K2836994RD;
				HEADER_SEARCH_PATHS = (
					"$(inherited)",
					/Applications/Xcode.app/Contents/Developer/Toolchains/XcodeDefault.xctoolchain/usr/include,
					"$(SRCROOT)/../node_modules/react-native/React/**",
					"$(SRCROOT)/../node_modules/react-native-google-analytics-bridge/ios/RCTGoogleAnalyticsBridge/**",
					"$(SRCROOT)/../node_modules/react-native-i18n/RNI18n",
					"$(SRCROOT)/../node_modules/react-native-vector-icons/RNVectorIconsManager",
					"$(SRCROOT)/../node_modules/react-native-camera/ios",
					"$(SRCROOT)/../node_modules/react-native-spinkit/ios/**",
					"$(SRCROOT)/../node_modules/react-native-quick-actions/RNQuickAction/RNQuickAction",
					"$(SRCROOT)/../node_modules/react-native-video",
					"$(SRCROOT)/../node_modules/react-native/Libraries/PushNotificationIOS",
					"$(SRCROOT)/../node_modules/react-native-device-info/RNDeviceInfo",
					"$(SRCROOT)/../node_modules/react-native-image-crop-picker/ios/**",
					"$(SRCROOT)/../node_modules/react-native-image-picker/ios",
					"$(SRCROOT)/../node_modules/react-native-linear-gradient/BVLinearGradient",
					"$(SRCROOT)/../node_modules/react-native-location",
					"$(SRCROOT)/../node_modules/react-native-geocoder/ios/RNGeocoder",
				);
				INFOPLIST_FILE = CoreEvent/Info.plist;
				LD_RUNPATH_SEARCH_PATHS = "$(inherited) @executable_path/Frameworks";
				OTHER_LDFLAGS = (
					"$(inherited)",
					"-ObjC",
					"-lc++",
				);
				PRODUCT_BUNDLE_IDENTIFIER = ca.ricebank.fullguide;
				PRODUCT_NAME = CoreEvent;
				VERSIONING_SYSTEM = "apple-generic";
			};
			name = Release;
		};
		83CBBA201A601CBA00E9B192 /* Debug */ = {
			isa = XCBuildConfiguration;
			buildSettings = {
				ALWAYS_SEARCH_USER_PATHS = NO;
				CLANG_CXX_LANGUAGE_STANDARD = "gnu++0x";
				CLANG_CXX_LIBRARY = "libc++";
				CLANG_ENABLE_MODULES = YES;
				CLANG_ENABLE_OBJC_ARC = YES;
				CLANG_WARN_BOOL_CONVERSION = YES;
				CLANG_WARN_CONSTANT_CONVERSION = YES;
				CLANG_WARN_DIRECT_OBJC_ISA_USAGE = YES_ERROR;
				CLANG_WARN_EMPTY_BODY = YES;
				CLANG_WARN_ENUM_CONVERSION = YES;
				CLANG_WARN_INT_CONVERSION = YES;
				CLANG_WARN_OBJC_ROOT_CLASS = YES_ERROR;
				CLANG_WARN_UNREACHABLE_CODE = YES;
				CLANG_WARN__DUPLICATE_METHOD_MATCH = YES;
				"CODE_SIGN_IDENTITY[sdk=iphoneos*]" = "iPhone Developer";
				COPY_PHASE_STRIP = NO;
				ENABLE_STRICT_OBJC_MSGSEND = YES;
				GCC_C_LANGUAGE_STANDARD = gnu99;
				GCC_DYNAMIC_NO_PIC = NO;
				GCC_OPTIMIZATION_LEVEL = 0;
				GCC_PREPROCESSOR_DEFINITIONS = (
					"DEBUG=1",
					"$(inherited)",
				);
				GCC_SYMBOLS_PRIVATE_EXTERN = NO;
				GCC_WARN_64_TO_32_BIT_CONVERSION = YES;
				GCC_WARN_ABOUT_RETURN_TYPE = YES_ERROR;
				GCC_WARN_UNDECLARED_SELECTOR = YES;
				GCC_WARN_UNINITIALIZED_AUTOS = YES_AGGRESSIVE;
				GCC_WARN_UNUSED_FUNCTION = YES;
				GCC_WARN_UNUSED_VARIABLE = YES;
				HEADER_SEARCH_PATHS = (
					"$(inherited)",
					/Applications/Xcode.app/Contents/Developer/Toolchains/XcodeDefault.xctoolchain/usr/include,
					"$(SRCROOT)/../node_modules/react-native/React/**",
					"$(SRCROOT)/../node_modules/react-native-google-analytics-bridge/ios/RCTGoogleAnalyticsBridge/**",
					"$(SRCROOT)/../node_modules/react-native-i18n/RNI18n",
					"$(SRCROOT)/../node_modules/react-native-vector-icons/RNVectorIconsManager",
					"$(SRCROOT)/../node_modules/react-native-camera/ios",
					"$(SRCROOT)/../node_modules/react-native-spinkit/ios/**",
					"$(SRCROOT)/../node_modules/react-native-video",
					"$(SRCROOT)/../node_modules/react-native-device-info/RNDeviceInfo",
					"$(SRCROOT)/../node_modules/react-native-image-crop-picker/ios/**",
					"$(SRCROOT)/../node_modules/react-native-image-picker/ios",
					"$(SRCROOT)/../node_modules/react-native-linear-gradient/BVLinearGradient",
					"$(SRCROOT)/../node_modules/react-native-location",
					"$(SRCROOT)/../node_modules/react-native-geocoder/ios/RNGeocoder",
				);
				IPHONEOS_DEPLOYMENT_TARGET = 8.0;
				MTL_ENABLE_DEBUG_INFO = YES;
				ONLY_ACTIVE_ARCH = YES;
				SDKROOT = iphoneos;
			};
			name = Debug;
		};
		83CBBA211A601CBA00E9B192 /* Release */ = {
			isa = XCBuildConfiguration;
			buildSettings = {
				ALWAYS_SEARCH_USER_PATHS = NO;
				CLANG_CXX_LANGUAGE_STANDARD = "gnu++0x";
				CLANG_CXX_LIBRARY = "libc++";
				CLANG_ENABLE_MODULES = YES;
				CLANG_ENABLE_OBJC_ARC = YES;
				CLANG_WARN_BOOL_CONVERSION = YES;
				CLANG_WARN_CONSTANT_CONVERSION = YES;
				CLANG_WARN_DIRECT_OBJC_ISA_USAGE = YES_ERROR;
				CLANG_WARN_EMPTY_BODY = YES;
				CLANG_WARN_ENUM_CONVERSION = YES;
				CLANG_WARN_INT_CONVERSION = YES;
				CLANG_WARN_OBJC_ROOT_CLASS = YES_ERROR;
				CLANG_WARN_UNREACHABLE_CODE = YES;
				CLANG_WARN__DUPLICATE_METHOD_MATCH = YES;
				"CODE_SIGN_IDENTITY[sdk=iphoneos*]" = "iPhone Developer";
				COPY_PHASE_STRIP = YES;
				ENABLE_NS_ASSERTIONS = NO;
				ENABLE_STRICT_OBJC_MSGSEND = YES;
				GCC_C_LANGUAGE_STANDARD = gnu99;
				GCC_WARN_64_TO_32_BIT_CONVERSION = YES;
				GCC_WARN_ABOUT_RETURN_TYPE = YES_ERROR;
				GCC_WARN_UNDECLARED_SELECTOR = YES;
				GCC_WARN_UNINITIALIZED_AUTOS = YES_AGGRESSIVE;
				GCC_WARN_UNUSED_FUNCTION = YES;
				GCC_WARN_UNUSED_VARIABLE = YES;
				HEADER_SEARCH_PATHS = (
					"$(inherited)",
					/Applications/Xcode.app/Contents/Developer/Toolchains/XcodeDefault.xctoolchain/usr/include,
					"$(SRCROOT)/../node_modules/react-native/React/**",
					"$(SRCROOT)/../node_modules/react-native-google-analytics-bridge/ios/RCTGoogleAnalyticsBridge/**",
					"$(SRCROOT)/../node_modules/react-native-i18n/RNI18n",
					"$(SRCROOT)/../node_modules/react-native-vector-icons/RNVectorIconsManager",
					"$(SRCROOT)/../node_modules/react-native-camera/ios",
					"$(SRCROOT)/../node_modules/react-native-spinkit/ios/**",
					"$(SRCROOT)/../node_modules/react-native-video",
					"$(SRCROOT)/../node_modules/react-native-device-info/RNDeviceInfo",
					"$(SRCROOT)/../node_modules/react-native-image-crop-picker/ios/**",
					"$(SRCROOT)/../node_modules/react-native-image-picker/ios",
					"$(SRCROOT)/../node_modules/react-native-linear-gradient/BVLinearGradient",
					"$(SRCROOT)/../node_modules/react-native-location",
					"$(SRCROOT)/../node_modules/react-native-geocoder/ios/RNGeocoder",
				);
				IPHONEOS_DEPLOYMENT_TARGET = 8.0;
				MTL_ENABLE_DEBUG_INFO = NO;
				SDKROOT = iphoneos;
				VALIDATE_PRODUCT = YES;
			};
			name = Release;
		};
/* End XCBuildConfiguration section */

/* Begin XCConfigurationList section */
		00E357021AD99517003FC87E /* Build configuration list for PBXNativeTarget "CoreEventTests" */ = {
			isa = XCConfigurationList;
			buildConfigurations = (
				00E356F61AD99517003FC87E /* Debug */,
				00E356F71AD99517003FC87E /* Release */,
			);
			defaultConfigurationIsVisible = 0;
			defaultConfigurationName = Release;
		};
		13B07F931A680F5B00A75B9A /* Build configuration list for PBXNativeTarget "CoreEvent" */ = {
			isa = XCConfigurationList;
			buildConfigurations = (
				13B07F941A680F5B00A75B9A /* Debug */,
				13B07F951A680F5B00A75B9A /* Release */,
			);
			defaultConfigurationIsVisible = 0;
			defaultConfigurationName = Release;
		};
		83CBB9FA1A601CBA00E9B192 /* Build configuration list for PBXProject "CoreEvent" */ = {
			isa = XCConfigurationList;
			buildConfigurations = (
				83CBBA201A601CBA00E9B192 /* Debug */,
				83CBBA211A601CBA00E9B192 /* Release */,
			);
			defaultConfigurationIsVisible = 0;
			defaultConfigurationName = Release;
		};
/* End XCConfigurationList section */
	};
	rootObject = 83CBB9F71A601CBA00E9B192 /* Project object */;
}
